// !$*UTF8*$!
{
	archiveVersion = 1;
	classes = {
	};
	objectVersion = 77;
	objects = {

/* Begin PBXBuildFile section */
		15071E72302C4DDF00B1817D /* BaseRouter.swift in Sources */ = {isa = PBXBuildFile; fileRef = 15071E71302C4DDF00B1817D /* BaseRouter.swift */; };
		153511FE302C539600F367B8 /* GameDetailViewController.swift in Sources */ = {isa = PBXBuildFile; fileRef = 153511FD302C539600F367B8 /* GameDetailViewController.swift */; };
		15351301302C700100F367B8 /* GameDetailSection.swift in Sources */ = {isa = PBXBuildFile; fileRef = 15351300302C700100F367B8 /* GameDetailSection.swift */; };
		15351303302C710100F367B8 /* GameDetailTitleHeader.swift in Sources */ = {isa = PBXBuildFile; fileRef = 15351302302C710100F367B8 /* GameDetailTitleHeader.swift */; };
		15351305302C720100F367B8 /* GameDetailRule.swift in Sources */ = {isa = PBXBuildFile; fileRef = 15351304302C720100F367B8 /* GameDetailRule.swift */; };
		15351307302C720100F367B8 /* GameDetailRuleCell.swift in Sources */ = {isa = PBXBuildFile; fileRef = 15351306302C720100F367B8 /* GameDetailRuleCell.swift */; };
		15351309302C730100F367B8 /* GameDetailRuleCatalog.swift in Sources */ = {isa = PBXBuildFile; fileRef = 15351308302C730100F367B8 /* GameDetailRuleCatalog.swift */; };
		1535130B302C740100F367B8 /* GameDetailRouter.swift in Sources */ = {isa = PBXBuildFile; fileRef = 1535130A302C740100F367B8 /* GameDetailRouter.swift */; };
		15351311302D300100F367B8 /* GameDetailSetting.swift in Sources */ = {isa = PBXBuildFile; fileRef = 15351310302D300100F367B8 /* GameDetailSetting.swift */; };
		15351313302D300100F367B8 /* GameDetailState.swift in Sources */ = {isa = PBXBuildFile; fileRef = 15351312302D300100F367B8 /* GameDetailState.swift */; };
		15351315302D300100F367B8 /* GameDetailViewModel.swift in Sources */ = {isa = PBXBuildFile; fileRef = 15351314302D300100F367B8 /* GameDetailViewModel.swift */; };
		15351317302D300100F367B8 /* GameDetailSettingCell.swift in Sources */ = {isa = PBXBuildFile; fileRef = 15351316302D300100F367B8 /* GameDetailSettingCell.swift */; };
		1539357F302850010026C98C /* MainBaseView.swift in Sources */ = {isa = PBXBuildFile; fileRef = 1539357E302850010026C98C /* MainBaseView.swift */; };
		15393581302851010026C98C /* MainBaseCollectionViewCell.swift in Sources */ = {isa = PBXBuildFile; fileRef = 15393580302851010026C98C /* MainBaseCollectionViewCell.swift */; };
		153935F1302871000026C98C /* MainHomeDiceCollectionViewCell.swift in Sources */ = {isa = PBXBuildFile; fileRef = 153935F0302871000026C98C /* MainHomeDiceCollectionViewCell.swift */; };
		1562853C301F3A2500702D1E /* SDWebImage in Frameworks */ = {isa = PBXBuildFile; productRef = 1562853B301F3A2500702D1E /* SDWebImage */; };
		1562853F301F3A3100702D1E /* SnapKit in Frameworks */ = {isa = PBXBuildFile; productRef = 1562853E301F3A3100702D1E /* SnapKit */; };
		15628542301F3A5400702D1E /* SkeletonView in Frameworks */ = {isa = PBXBuildFile; productRef = 15628541301F3A5400702D1E /* SkeletonView */; };
		1562854B301F3EBE00702D1E /* GameDiceView.swift in Sources */ = {isa = PBXBuildFile; fileRef = 1562854A301F3EBE00702D1E /* GameDiceView.swift */; };
		15628551301F45A000702D1E /* DicePhysicsCategory.swift in Sources */ = {isa = PBXBuildFile; fileRef = 15628550301F45A000702D1E /* DicePhysicsCategory.swift */; };
		15628553301F45A100702D1E /* DiceNode.swift in Sources */ = {isa = PBXBuildFile; fileRef = 15628552301F45A100702D1E /* DiceNode.swift */; };
		15628555301F45A200702D1E /* DiceArena.swift in Sources */ = {isa = PBXBuildFile; fileRef = 15628554301F45A200702D1E /* DiceArena.swift */; };
		15628557301F6D8B00702D1E /* CoreMotionUpdatesProvider.swift in Sources */ = {isa = PBXBuildFile; fileRef = 15628556301F6D8B00702D1E /* CoreMotionUpdatesProvider.swift */; };
		1578333B3027820F0087747A /* MainBaseViewController.swift in Sources */ = {isa = PBXBuildFile; fileRef = 157833313027820F0087747A /* MainBaseViewController.swift */; };
		1578333C3027820F0087747A /* RootBaseViewController.swift in Sources */ = {isa = PBXBuildFile; fileRef = 157833333027820F0087747A /* RootBaseViewController.swift */; };
		1578333D3027820F0087747A /* StandardBaseViewController.swift in Sources */ = {isa = PBXBuildFile; fileRef = 157833353027820F0087747A /* StandardBaseViewController.swift */; };
		1578333E3027820F0087747A /* AppLogger.swift in Sources */ = {isa = PBXBuildFile; fileRef = 157833383027820F0087747A /* AppLogger.swift */; };
		157833423027822D0087747A /* MainHomeViewController.swift in Sources */ = {isa = PBXBuildFile; fileRef = 1578333F3027822D0087747A /* MainHomeViewController.swift */; };
		157833643028D3D40087747A /* UIColor+Extension.swift in Sources */ = {isa = PBXBuildFile; fileRef = 157833633028D3D40087747A /* UIColor+Extension.swift */; };
		1596A26D302590E50018E77C /* DiceGameViewController.swift in Sources */ = {isa = PBXBuildFile; fileRef = 1596A26C302590E50018E77C /* DiceGameViewController.swift */; };
		1596A271302599020018E77C /* DiceGameState.swift in Sources */ = {isa = PBXBuildFile; fileRef = 1596A270302599020018E77C /* DiceGameState.swift */; };
		1596A273302599020018E77C /* DiceGameViewModel.swift in Sources */ = {isa = PBXBuildFile; fileRef = 1596A272302599020018E77C /* DiceGameViewModel.swift */; };
		1596A2753025A4370018E77C /* DiceGameView.swift in Sources */ = {isa = PBXBuildFile; fileRef = 1596A2743025A4370018E77C /* DiceGameView.swift */; };
		1596A2773025A4370018E77C /* DiceControlButton.swift in Sources */ = {isa = PBXBuildFile; fileRef = 1596A2763025A4370018E77C /* DiceControlButton.swift */; };
		1596A2EC3025C9E40018E77C /* MainTabBarController.swift in Sources */ = {isa = PBXBuildFile; fileRef = 1596A2EB3025C9E40018E77C /* MainTabBarController.swift */; };
		15A1B2C13026A0010018E77C /* MainTabBarState.swift in Sources */ = {isa = PBXBuildFile; fileRef = 15A1B2C03026A0010018E77C /* MainTabBarState.swift */; };
		15A1B2C33026A0010018E77C /* MainTabBarViewModel.swift in Sources */ = {isa = PBXBuildFile; fileRef = 15A1B2C23026A0010018E77C /* MainTabBarViewModel.swift */; };
		15C4905B302AC64C00EFF3E9 /* PlaceholderCell.swift in Sources */ = {isa = PBXBuildFile; fileRef = 15C4905A302AC64C00EFF3E9 /* PlaceholderCell.swift */; };
		15C4F0D0302AD3B700EFF3E9 /* MainBaseTitleHeader.swift in Sources */ = {isa = PBXBuildFile; fileRef = 15C4F0CF302AD3B700EFF3E9 /* MainBaseTitleHeader.swift */; };
		15C4F0D3302AD6B500EFF3E9 /* MainHomeTitleHeader.swift in Sources */ = {isa = PBXBuildFile; fileRef = 15C4F0D2302AD6B500EFF3E9 /* MainHomeTitleHeader.swift */; };
		15C4F0D5302AF41900EFF3E9 /* MainHomeGameListCell.swift in Sources */ = {isa = PBXBuildFile; fileRef = 15C4F0D4302AF41900EFF3E9 /* MainHomeGameListCell.swift */; };
		15C4F132302AFB6700EFF3E9 /* MainHomeViewModel.swift in Sources */ = {isa = PBXBuildFile; fileRef = 15C4F131302AFB6700EFF3E9 /* MainHomeViewModel.swift */; };
		15C4F135302AFF9D00EFF3E9 /* ViewFactory.swift in Sources */ = {isa = PBXBuildFile; fileRef = 15C4F134302AFF9D00EFF3E9 /* ViewFactory.swift */; };
		15C4F137302B087000EFF3E9 /* MainHomeGameResultsCell.swift in Sources */ = {isa = PBXBuildFile; fileRef = 15C4F136302B087000EFF3E9 /* MainHomeGameResultsCell.swift */; };
		15C4F13D302B0CBC00EFF3E9 /* BaseHintView.swift in Sources */ = {isa = PBXBuildFile; fileRef = 15C4F13C302B0CBC00EFF3E9 /* BaseHintView.swift */; };
		15C4F1A9302B1A6500EFF3E9 /* ErrorView.swift in Sources */ = {isa = PBXBuildFile; fileRef = 15C4F1A8302B1A6500EFF3E9 /* ErrorView.swift */; };
		15C8B67D3029821700457B00 /* ThemeColor.swift in Sources */ = {isa = PBXBuildFile; fileRef = 15C8B67C3029821700457B00 /* ThemeColor.swift */; };
		15D20001302C100100000001 /* DiceGame.swift in Sources */ = {isa = PBXBuildFile; fileRef = 15D10001302C100100000001 /* DiceGame.swift */; };
		15D20002302C100100000002 /* GameStatistics.swift in Sources */ = {isa = PBXBuildFile; fileRef = 15D10002302C100100000002 /* GameStatistics.swift */; };
		15D20003302C100100000003 /* MainHomeSnapshot.swift in Sources */ = {isa = PBXBuildFile; fileRef = 15D10003302C100100000003 /* MainHomeSnapshot.swift */; };
		15D20004302C100100000004 /* MainHomeConfiguration.swift in Sources */ = {isa = PBXBuildFile; fileRef = 15D10004302C100100000004 /* MainHomeConfiguration.swift */; };
		15D20005302C100100000005 /* MainHomeState.swift in Sources */ = {isa = PBXBuildFile; fileRef = 15D10005302C100100000005 /* MainHomeState.swift */; };
		15D20006302C100100000006 /* MainHomeSampleData.swift in Sources */ = {isa = PBXBuildFile; fileRef = 15D10006302C100100000006 /* MainHomeSampleData.swift */; };
		15D30002302D100100000002 /* DetailBaseViewController.swift in Sources */ = {isa = PBXBuildFile; fileRef = 15D30001302D100100000001 /* DetailBaseViewController.swift */; };
		15D30006302D100100000006 /* DetailBaseView.swift in Sources */ = {isa = PBXBuildFile; fileRef = 15D30005302D100100000005 /* DetailBaseView.swift */; };
		15D40001302C200100000001 /* MainHomeRouter.swift in Sources */ = {isa = PBXBuildFile; fileRef = 15D30001302C200100000001 /* MainHomeRouter.swift */; };
		15D50002302D200100000002 /* StandardBaseCollectionViewCell.swift in Sources */ = {isa = PBXBuildFile; fileRef = 15D50001302D200100000001 /* StandardBaseCollectionViewCell.swift */; };
		15D50004302D200100000004 /* StandardBaseTitleHeader.swift in Sources */ = {isa = PBXBuildFile; fileRef = 15D50003302D200100000003 /* StandardBaseTitleHeader.swift */; };
		15D50006302D200100000006 /* DetailBaseCollectionViewCell.swift in Sources */ = {isa = PBXBuildFile; fileRef = 15D50005302D200100000005 /* DetailBaseCollectionViewCell.swift */; };
		15D50008302D200100000008 /* DetailBaseTitleHeader.swift in Sources */ = {isa = PBXBuildFile; fileRef = 15D50007302D200100000007 /* DetailBaseTitleHeader.swift */; };
		15FA77A6302D6B0A0097077D /* BottomBar.swift in Sources */ = {isa = PBXBuildFile; fileRef = 15FA77A5302D6B0A0097077D /* BottomBar.swift */; };
/* End PBXBuildFile section */

/* Begin PBXFileReference section */
		15071E71302C4DDF00B1817D /* BaseRouter.swift */ = {isa = PBXFileReference; lastKnownFileType = sourcecode.swift; path = BaseRouter.swift; sourceTree = "<group>"; };
		150B9259301F31AC00BA35E2 /* BarGame.app */ = {isa = PBXFileReference; explicitFileType = wrapper.application; includeInIndex = 0; path = BarGame.app; sourceTree = BUILT_PRODUCTS_DIR; };
		153511FD302C539600F367B8 /* GameDetailViewController.swift */ = {isa = PBXFileReference; lastKnownFileType = sourcecode.swift; path = GameDetailViewController.swift; sourceTree = "<group>"; };
		15351300302C700100F367B8 /* GameDetailSection.swift */ = {isa = PBXFileReference; lastKnownFileType = sourcecode.swift; path = GameDetailSection.swift; sourceTree = "<group>"; };
		15351302302C710100F367B8 /* GameDetailTitleHeader.swift */ = {isa = PBXFileReference; lastKnownFileType = sourcecode.swift; path = GameDetailTitleHeader.swift; sourceTree = "<group>"; };
		15351304302C720100F367B8 /* GameDetailRule.swift */ = {isa = PBXFileReference; lastKnownFileType = sourcecode.swift; path = GameDetailRule.swift; sourceTree = "<group>"; };
		15351306302C720100F367B8 /* GameDetailRuleCell.swift */ = {isa = PBXFileReference; lastKnownFileType = sourcecode.swift; path = GameDetailRuleCell.swift; sourceTree = "<group>"; };
		15351308302C730100F367B8 /* GameDetailRuleCatalog.swift */ = {isa = PBXFileReference; lastKnownFileType = sourcecode.swift; path = GameDetailRuleCatalog.swift; sourceTree = "<group>"; };
		1535130A302C740100F367B8 /* GameDetailRouter.swift */ = {isa = PBXFileReference; lastKnownFileType = sourcecode.swift; path = GameDetailRouter.swift; sourceTree = "<group>"; };
		15351310302D300100F367B8 /* GameDetailSetting.swift */ = {isa = PBXFileReference; lastKnownFileType = sourcecode.swift; path = GameDetailSetting.swift; sourceTree = "<group>"; };
		15351312302D300100F367B8 /* GameDetailState.swift */ = {isa = PBXFileReference; lastKnownFileType = sourcecode.swift; path = GameDetailState.swift; sourceTree = "<group>"; };
		15351314302D300100F367B8 /* GameDetailViewModel.swift */ = {isa = PBXFileReference; lastKnownFileType = sourcecode.swift; path = GameDetailViewModel.swift; sourceTree = "<group>"; };
		15351316302D300100F367B8 /* GameDetailSettingCell.swift */ = {isa = PBXFileReference; lastKnownFileType = sourcecode.swift; path = GameDetailSettingCell.swift; sourceTree = "<group>"; };
		1539357E302850010026C98C /* MainBaseView.swift */ = {isa = PBXFileReference; lastKnownFileType = sourcecode.swift; path = MainBaseView.swift; sourceTree = "<group>"; };
		15393580302851010026C98C /* MainBaseCollectionViewCell.swift */ = {isa = PBXFileReference; lastKnownFileType = sourcecode.swift; path = MainBaseCollectionViewCell.swift; sourceTree = "<group>"; };
		153935F0302871000026C98C /* MainHomeDiceCollectionViewCell.swift */ = {isa = PBXFileReference; lastKnownFileType = sourcecode.swift; path = MainHomeDiceCollectionViewCell.swift; sourceTree = "<group>"; };
		1562854A301F3EBE00702D1E /* GameDiceView.swift */ = {isa = PBXFileReference; lastKnownFileType = sourcecode.swift; path = GameDiceView.swift; sourceTree = "<group>"; };
		15628550301F45A000702D1E /* DicePhysicsCategory.swift */ = {isa = PBXFileReference; lastKnownFileType = sourcecode.swift; path = DicePhysicsCategory.swift; sourceTree = "<group>"; };
		15628552301F45A100702D1E /* DiceNode.swift */ = {isa = PBXFileReference; lastKnownFileType = sourcecode.swift; path = DiceNode.swift; sourceTree = "<group>"; };
		15628554301F45A200702D1E /* DiceArena.swift */ = {isa = PBXFileReference; lastKnownFileType = sourcecode.swift; path = DiceArena.swift; sourceTree = "<group>"; };
		15628556301F6D8B00702D1E /* CoreMotionUpdatesProvider.swift */ = {isa = PBXFileReference; lastKnownFileType = sourcecode.swift; path = CoreMotionUpdatesProvider.swift; sourceTree = "<group>"; };
		157833313027820F0087747A /* MainBaseViewController.swift */ = {isa = PBXFileReference; lastKnownFileType = sourcecode.swift; path = MainBaseViewController.swift; sourceTree = "<group>"; };
		157833333027820F0087747A /* RootBaseViewController.swift */ = {isa = PBXFileReference; lastKnownFileType = sourcecode.swift; path = RootBaseViewController.swift; sourceTree = "<group>"; };
		157833353027820F0087747A /* StandardBaseViewController.swift */ = {isa = PBXFileReference; lastKnownFileType = sourcecode.swift; path = StandardBaseViewController.swift; sourceTree = "<group>"; };
		157833383027820F0087747A /* AppLogger.swift */ = {isa = PBXFileReference; lastKnownFileType = sourcecode.swift; path = AppLogger.swift; sourceTree = "<group>"; };
		1578333F3027822D0087747A /* MainHomeViewController.swift */ = {isa = PBXFileReference; lastKnownFileType = sourcecode.swift; path = MainHomeViewController.swift; sourceTree = "<group>"; };
		157833633028D3D40087747A /* UIColor+Extension.swift */ = {isa = PBXFileReference; lastKnownFileType = sourcecode.swift; path = "UIColor+Extension.swift"; sourceTree = "<group>"; };
		1596A26C302590E50018E77C /* DiceGameViewController.swift */ = {isa = PBXFileReference; lastKnownFileType = sourcecode.swift; path = DiceGameViewController.swift; sourceTree = "<group>"; };
		1596A270302599020018E77C /* DiceGameState.swift */ = {isa = PBXFileReference; lastKnownFileType = sourcecode.swift; path = DiceGameState.swift; sourceTree = "<group>"; };
		1596A272302599020018E77C /* DiceGameViewModel.swift */ = {isa = PBXFileReference; lastKnownFileType = sourcecode.swift; path = DiceGameViewModel.swift; sourceTree = "<group>"; };
		1596A2743025A4370018E77C /* DiceGameView.swift */ = {isa = PBXFileReference; lastKnownFileType = sourcecode.swift; path = DiceGameView.swift; sourceTree = "<group>"; };
		1596A2763025A4370018E77C /* DiceControlButton.swift */ = {isa = PBXFileReference; lastKnownFileType = sourcecode.swift; path = DiceControlButton.swift; sourceTree = "<group>"; };
		1596A2EB3025C9E40018E77C /* MainTabBarController.swift */ = {isa = PBXFileReference; lastKnownFileType = sourcecode.swift; path = MainTabBarController.swift; sourceTree = "<group>"; };
		15A1B2C03026A0010018E77C /* MainTabBarState.swift */ = {isa = PBXFileReference; lastKnownFileType = sourcecode.swift; path = MainTabBarState.swift; sourceTree = "<group>"; };
		15A1B2C23026A0010018E77C /* MainTabBarViewModel.swift */ = {isa = PBXFileReference; lastKnownFileType = sourcecode.swift; path = MainTabBarViewModel.swift; sourceTree = "<group>"; };
		15C4905A302AC64C00EFF3E9 /* PlaceholderCell.swift */ = {isa = PBXFileReference; lastKnownFileType = sourcecode.swift; path = PlaceholderCell.swift; sourceTree = "<group>"; };
		15C4F0CF302AD3B700EFF3E9 /* MainBaseTitleHeader.swift */ = {isa = PBXFileReference; lastKnownFileType = sourcecode.swift; path = MainBaseTitleHeader.swift; sourceTree = "<group>"; };
		15C4F0D2302AD6B500EFF3E9 /* MainHomeTitleHeader.swift */ = {isa = PBXFileReference; lastKnownFileType = sourcecode.swift; path = MainHomeTitleHeader.swift; sourceTree = "<group>"; };
		15C4F0D4302AF41900EFF3E9 /* MainHomeGameListCell.swift */ = {isa = PBXFileReference; lastKnownFileType = sourcecode.swift; path = MainHomeGameListCell.swift; sourceTree = "<group>"; };
		15C4F131302AFB6700EFF3E9 /* MainHomeViewModel.swift */ = {isa = PBXFileReference; lastKnownFileType = sourcecode.swift; path = MainHomeViewModel.swift; sourceTree = "<group>"; };
		15C4F134302AFF9D00EFF3E9 /* ViewFactory.swift */ = {isa = PBXFileReference; lastKnownFileType = sourcecode.swift; path = ViewFactory.swift; sourceTree = "<group>"; };
		15C4F136302B087000EFF3E9 /* MainHomeGameResultsCell.swift */ = {isa = PBXFileReference; lastKnownFileType = sourcecode.swift; path = MainHomeGameResultsCell.swift; sourceTree = "<group>"; };
		15C4F13C302B0CBC00EFF3E9 /* BaseHintView.swift */ = {isa = PBXFileReference; lastKnownFileType = sourcecode.swift; path = BaseHintView.swift; sourceTree = "<group>"; };
		15C4F1A8302B1A6500EFF3E9 /* ErrorView.swift */ = {isa = PBXFileReference; lastKnownFileType = sourcecode.swift; path = ErrorView.swift; sourceTree = "<group>"; };
		15C8B67C3029821700457B00 /* ThemeColor.swift */ = {isa = PBXFileReference; lastKnownFileType = sourcecode.swift; path = ThemeColor.swift; sourceTree = "<group>"; };
		15D10001302C100100000001 /* DiceGame.swift */ = {isa = PBXFileReference; lastKnownFileType = sourcecode.swift; path = DiceGame.swift; sourceTree = "<group>"; };
		15D10002302C100100000002 /* GameStatistics.swift */ = {isa = PBXFileReference; lastKnownFileType = sourcecode.swift; path = GameStatistics.swift; sourceTree = "<group>"; };
		15D10003302C100100000003 /* MainHomeSnapshot.swift */ = {isa = PBXFileReference; lastKnownFileType = sourcecode.swift; path = MainHomeSnapshot.swift; sourceTree = "<group>"; };
		15D10004302C100100000004 /* MainHomeConfiguration.swift */ = {isa = PBXFileReference; lastKnownFileType = sourcecode.swift; path = MainHomeConfiguration.swift; sourceTree = "<group>"; };
		15D10005302C100100000005 /* MainHomeState.swift */ = {isa = PBXFileReference; lastKnownFileType = sourcecode.swift; path = MainHomeState.swift; sourceTree = "<group>"; };
		15D10006302C100100000006 /* MainHomeSampleData.swift */ = {isa = PBXFileReference; lastKnownFileType = sourcecode.swift; path = MainHomeSampleData.swift; sourceTree = "<group>"; };
		15D30001302C200100000001 /* MainHomeRouter.swift */ = {isa = PBXFileReference; lastKnownFileType = sourcecode.swift; path = MainHomeRouter.swift; sourceTree = "<group>"; };
		15D30001302D100100000001 /* DetailBaseViewController.swift */ = {isa = PBXFileReference; lastKnownFileType = sourcecode.swift; path = DetailBaseViewController.swift; sourceTree = "<group>"; };
		15D30005302D100100000005 /* DetailBaseView.swift */ = {isa = PBXFileReference; lastKnownFileType = sourcecode.swift; path = DetailBaseView.swift; sourceTree = "<group>"; };
		15D50001302D200100000001 /* StandardBaseCollectionViewCell.swift */ = {isa = PBXFileReference; lastKnownFileType = sourcecode.swift; path = StandardBaseCollectionViewCell.swift; sourceTree = "<group>"; };
		15D50003302D200100000003 /* StandardBaseTitleHeader.swift */ = {isa = PBXFileReference; lastKnownFileType = sourcecode.swift; path = StandardBaseTitleHeader.swift; sourceTree = "<group>"; };
		15D50005302D200100000005 /* DetailBaseCollectionViewCell.swift */ = {isa = PBXFileReference; lastKnownFileType = sourcecode.swift; path = DetailBaseCollectionViewCell.swift; sourceTree = "<group>"; };
		15D50007302D200100000007 /* DetailBaseTitleHeader.swift */ = {isa = PBXFileReference; lastKnownFileType = sourcecode.swift; path = DetailBaseTitleHeader.swift; sourceTree = "<group>"; };
		15FA77A5302D6B0A0097077D /* BottomBar.swift */ = {isa = PBXFileReference; lastKnownFileType = sourcecode.swift; path = BottomBar.swift; sourceTree = "<group>"; };
/* End PBXFileReference section */

/* Begin PBXFileSystemSynchronizedBuildFileExceptionSet section */
		150B926B301F31AC00BA35E2 /* Exceptions for "BarGame" folder in "BarGame" target */ = {
			isa = PBXFileSystemSynchronizedBuildFileExceptionSet;
			membershipExceptions = (
				Info.plist,
			);
			target = 150B9258301F31AC00BA35E2 /* BarGame */;
		};
/* End PBXFileSystemSynchronizedBuildFileExceptionSet section */

/* Begin PBXFileSystemSynchronizedRootGroup section */
		150B925B301F31AC00BA35E2 /* BarGame */ = {
			isa = PBXFileSystemSynchronizedRootGroup;
			exceptions = (
				150B926B301F31AC00BA35E2 /* Exceptions for "BarGame" folder in "BarGame" target */,
			);
			path = BarGame;
			sourceTree = "<group>";
		};
/* End PBXFileSystemSynchronizedRootGroup section */

/* Begin PBXFrameworksBuildPhase section */
		150B9256301F31AC00BA35E2 /* Frameworks */ = {
			isa = PBXFrameworksBuildPhase;
			buildActionMask = 2147483647;
			files = (
				1562853C301F3A2500702D1E /* SDWebImage in Frameworks */,
				15628542301F3A5400702D1E /* SkeletonView in Frameworks */,
				1562853F301F3A3100702D1E /* SnapKit in Frameworks */,
			);
			runOnlyForDeploymentPostprocessing = 0;
		};
/* End PBXFrameworksBuildPhase section */

/* Begin PBXGroup section */
		15071E70302C4DCF00B1817D /* Router */ = {
			isa = PBXGroup;
			children = (
				15071E71302C4DDF00B1817D /* BaseRouter.swift */,
			);
			path = Router;
			sourceTree = "<group>";
		};
		150B9250301F31AC00BA35E2 = {
			isa = PBXGroup;
			children = (
				150B925B301F31AC00BA35E2 /* BarGame */,
				1596A2693025909F0018E77C /* DiceGame */,
				1578333A3027820F0087747A /* Feature */,
				153511FA302C536100F367B8 /* GameDetail */,
				157833413027822D0087747A /* MainHome */,
				1596A2E93025C9C80018E77C /* MainTabBar */,
				150B925A301F31AC00BA35E2 /* Products */,
			);
			sourceTree = "<group>";
		};
		150B925A301F31AC00BA35E2 /* Products */ = {
			isa = PBXGroup;
			children = (
				150B9259301F31AC00BA35E2 /* BarGame.app */,
			);
			name = Products;
			sourceTree = "<group>";
		};
		153511FA302C536100F367B8 /* GameDetail */ = {
			isa = PBXGroup;
			children = (
				153511FB302C537900F367B8 /* Controller */,
				153512AA302C5DA300F367B8 /* Model */,
				1535130C302C740100F367B8 /* Router */,
				153511FC302C538300F367B8 /* View */,
				153512AB302C5DAB00F367B8 /* ViewModel */,
			);
			path = GameDetail;
			sourceTree = "<group>";
		};
		153511FB302C537900F367B8 /* Controller */ = {
			isa = PBXGroup;
			children = (
				153511FD302C539600F367B8 /* GameDetailViewController.swift */,
			);
			path = Controller;
			sourceTree = "<group>";
		};
		153511FC302C538300F367B8 /* View */ = {
			isa = PBXGroup;
			children = (
				153512A8302C5D8500F367B8 /* Cell */,
				153512A9302C5D8D00F367B8 /* Header */,
				15FA77A4302D6AEF0097077D /* SubView */,
			);
			path = View;
			sourceTree = "<group>";
		};
		15351259302C5B4100F367B8 /* Controller */ = {
			isa = PBXGroup;
			children = (
				157833353027820F0087747A /* StandardBaseViewController.swift */,
			);
			path = Controller;
			sourceTree = "<group>";
		};
		1535125A302C5B4F00F367B8 /* View */ = {
			isa = PBXGroup;
			children = (
				1535125B302C5B5700F367B8 /* Cell */,
				1535125C302C5B6000F367B8 /* Header */,
			);
			path = View;
			sourceTree = "<group>";
		};
		1535125B302C5B5700F367B8 /* Cell */ = {
			isa = PBXGroup;
			children = (
				15D50001302D200100000001 /* StandardBaseCollectionViewCell.swift */,
			);
			path = Cell;
			sourceTree = "<group>";
		};
		1535125C302C5B6000F367B8 /* Header */ = {
			isa = PBXGroup;
			children = (
				15D50003302D200100000003 /* StandardBaseTitleHeader.swift */,
			);
			path = Header;
			sourceTree = "<group>";
		};
		153512A8302C5D8500F367B8 /* Cell */ = {
			isa = PBXGroup;
			children = (
				15351306302C720100F367B8 /* GameDetailRuleCell.swift */,
				15351316302D300100F367B8 /* GameDetailSettingCell.swift */,
			);
			path = Cell;
			sourceTree = "<group>";
		};
		153512A9302C5D8D00F367B8 /* Header */ = {
			isa = PBXGroup;
			children = (
				15351302302C710100F367B8 /* GameDetailTitleHeader.swift */,
			);
			path = Header;
			sourceTree = "<group>";
		};
		153512AA302C5DA300F367B8 /* Model */ = {
			isa = PBXGroup;
			children = (
				15351304302C720100F367B8 /* GameDetailRule.swift */,
				15351308302C730100F367B8 /* GameDetailRuleCatalog.swift */,
				15351300302C700100F367B8 /* GameDetailSection.swift */,
				15351310302D300100F367B8 /* GameDetailSetting.swift */,
				15351312302D300100F367B8 /* GameDetailState.swift */,
			);
			path = Model;
			sourceTree = "<group>";
		};
		153512AB302C5DAB00F367B8 /* ViewModel */ = {
			isa = PBXGroup;
			children = (
				15351314302D300100F367B8 /* GameDetailViewModel.swift */,
			);
			path = ViewModel;
			sourceTree = "<group>";
		};
		1535130C302C740100F367B8 /* Router */ = {
			isa = PBXGroup;
			children = (
				1535130A302C740100F367B8 /* GameDetailRouter.swift */,
			);
			path = Router;
			sourceTree = "<group>";
		};
		1539357830284E4F0026C98C /* Controller */ = {
			isa = PBXGroup;
			children = (
				157833313027820F0087747A /* MainBaseViewController.swift */,
			);
			path = Controller;
			sourceTree = "<group>";
		};
		1539357930284E590026C98C /* View */ = {
			isa = PBXGroup;
			children = (
				1539357C30284EBF0026C98C /* Cell */,
				15C4F0CA302AD30D00EFF3E9 /* Header */,
				1539357D30284ECB0026C98C /* SubView */,
			);
			path = View;
			sourceTree = "<group>";
		};
		1539357C30284EBF0026C98C /* Cell */ = {
			isa = PBXGroup;
			children = (
				15393580302851010026C98C /* MainBaseCollectionViewCell.swift */,
			);
			path = Cell;
			sourceTree = "<group>";
		};
		1539357D30284ECB0026C98C /* SubView */ = {
			isa = PBXGroup;
			children = (
				1539357E302850010026C98C /* MainBaseView.swift */,
			);
			path = SubView;
			sourceTree = "<group>";
		};
		153935E730286DB60026C98C /* View */ = {
			isa = PBXGroup;
			children = (
				153935E830286DC40026C98C /* Cell */,
				15C4F0D1302AD69A00EFF3E9 /* Header */,
			);
			path = View;
			sourceTree = "<group>";
		};
		153935E830286DC40026C98C /* Cell */ = {
			isa = PBXGroup;
			children = (
				153935F0302871000026C98C /* MainHomeDiceCollectionViewCell.swift */,
				15C4F0D4302AF41900EFF3E9 /* MainHomeGameListCell.swift */,
				15C4F136302B087000EFF3E9 /* MainHomeGameResultsCell.swift */,
			);
			path = Cell;
			sourceTree = "<group>";
		};
		153935F4302871000026C98C /* Model */ = {
			isa = PBXGroup;
			children = (
				15D10004302C100100000004 /* MainHomeConfiguration.swift */,
				15D10003302C100100000003 /* MainHomeSnapshot.swift */,
				15D10005302C100100000005 /* MainHomeState.swift */,
			);
			path = Model;
			sourceTree = "<group>";
		};
		15628546301F3DB900702D1E /* Dice */ = {
			isa = PBXGroup;
			children = (
				15628556301F6D8B00702D1E /* CoreMotionUpdatesProvider.swift */,
				15628554301F45A200702D1E /* DiceArena.swift */,
				15628552301F45A100702D1E /* DiceNode.swift */,
				15628550301F45A000702D1E /* DicePhysicsCategory.swift */,
				1562854A301F3EBE00702D1E /* GameDiceView.swift */,
			);
			path = Dice;
			sourceTree = "<group>";
		};
		157833323027820F0087747A /* MainBase */ = {
			isa = PBXGroup;
			children = (
				1539357830284E4F0026C98C /* Controller */,
				1539357930284E590026C98C /* View */,
			);
			path = MainBase;
			sourceTree = "<group>";
		};
		157833343027820F0087747A /* RootBase */ = {
			isa = PBXGroup;
			children = (
				157833333027820F0087747A /* RootBaseViewController.swift */,
			);
			path = RootBase;
			sourceTree = "<group>";
		};
		157833363027820F0087747A /* StandardBase */ = {
			isa = PBXGroup;
			children = (
				15351259302C5B4100F367B8 /* Controller */,
				1535125A302C5B4F00F367B8 /* View */,
			);
			path = StandardBase;
			sourceTree = "<group>";
		};
		157833373027820F0087747A /* Base */ = {
			isa = PBXGroup;
			children = (
				15C4F1A7302B1A4800EFF3E9 /* ErrorView */,
				15C4F13B302B0CA800EFF3E9 /* HintView */,
				157833323027820F0087747A /* MainBase */,
				157833343027820F0087747A /* RootBase */,
				15071E70302C4DCF00B1817D /* Router */,
				157833363027820F0087747A /* StandardBase */,
				15D30003302D100100000003 /* DetailBase */,
			);
			path = Base;
			sourceTree = "<group>";
		};
		157833393027820F0087747A /* Looger */ = {
			isa = PBXGroup;
			children = (
				157833383027820F0087747A /* AppLogger.swift */,
			);
			path = Looger;
			sourceTree = "<group>";
		};
		1578333A3027820F0087747A /* Feature */ = {
			isa = PBXGroup;
			children = (
				157833373027820F0087747A /* Base */,
				157833623028D3AD0087747A /* Extension */,
				15C4F133302AFF8100EFF3E9 /* Factory */,
				1596A26A302590B50018E77C /* Game */,
				157833393027820F0087747A /* Looger */,
				15C49058302AC61600EFF3E9 /* Placeholder */,
				157833613028D2EF0087747A /* Theme */,
			);
			path = Feature;
			sourceTree = "<group>";
		};
		157833403027822D0087747A /* Controller */ = {
			isa = PBXGroup;
			children = (
				1578333F3027822D0087747A /* MainHomeViewController.swift */,
			);
			path = Controller;
			sourceTree = "<group>";
		};
		157833413027822D0087747A /* MainHome */ = {
			isa = PBXGroup;
			children = (
				157833403027822D0087747A /* Controller */,
				153935F4302871000026C98C /* Model */,
				15D10008302C100100000008 /* Preview */,
				15D30002302C200100000002 /* Router */,
				153935E730286DB60026C98C /* View */,
				15C4F130302AFB4F00EFF3E9 /* ViewModel */,
			);
			path = MainHome;
			sourceTree = "<group>";
		};
		157833613028D2EF0087747A /* Theme */ = {
			isa = PBXGroup;
			children = (
				15C8B67C3029821700457B00 /* ThemeColor.swift */,
			);
			path = Theme;
			sourceTree = "<group>";
		};
		157833623028D3AD0087747A /* Extension */ = {
			isa = PBXGroup;
			children = (
				157833633028D3D40087747A /* UIColor+Extension.swift */,
			);
			path = Extension;
			sourceTree = "<group>";
		};
		1596A2693025909F0018E77C /* DiceGame */ = {
			isa = PBXGroup;
			children = (
				1596A26B302590C90018E77C /* Controller */,
				1596A26E3025911D0018E77C /* Model */,
				1596A27F302593C70018E77C /* View */,
				1596A26F302591250018E77C /* ViewModel */,
			);
			path = DiceGame;
			sourceTree = "<group>";
		};
		1596A26A302590B50018E77C /* Game */ = {
			isa = PBXGroup;
			children = (
				15628546301F3DB900702D1E /* Dice */,
				15D10007302C100100000007 /* Model */,
			);
			path = Game;
			sourceTree = "<group>";
		};
		1596A26B302590C90018E77C /* Controller */ = {
			isa = PBXGroup;
			children = (
				1596A26C302590E50018E77C /* DiceGameViewController.swift */,
			);
			path = Controller;
			sourceTree = "<group>";
		};
		1596A26E3025911D0018E77C /* Model */ = {
			isa = PBXGroup;
			children = (
				1596A270302599020018E77C /* DiceGameState.swift */,
			);
			path = Model;
			sourceTree = "<group>";
		};
		1596A26F302591250018E77C /* ViewModel */ = {
			isa = PBXGroup;
			children = (
				1596A272302599020018E77C /* DiceGameViewModel.swift */,
			);
			path = ViewModel;
			sourceTree = "<group>";
		};
		1596A27F302593C70018E77C /* View */ = {
			isa = PBXGroup;
			children = (
				1596A2743025A4370018E77C /* DiceGameView.swift */,
				1596A2763025A4370018E77C /* DiceControlButton.swift */,
			);
			path = View;
			sourceTree = "<group>";
		};
		1596A2E93025C9C80018E77C /* MainTabBar */ = {
			isa = PBXGroup;
			children = (
				1596A2EA3025C9D20018E77C /* Controller */,
				15A1B2C43026A0010018E77C /* Model */,
				15A1B2C53026A0010018E77C /* ViewModel */,
			);
			path = MainTabBar;
			sourceTree = "<group>";
		};
		1596A2EA3025C9D20018E77C /* Controller */ = {
			isa = PBXGroup;
			children = (
				1596A2EB3025C9E40018E77C /* MainTabBarController.swift */,
			);
			path = Controller;
			sourceTree = "<group>";
		};
		15A1B2C43026A0010018E77C /* Model */ = {
			isa = PBXGroup;
			children = (
				15A1B2C03026A0010018E77C /* MainTabBarState.swift */,
			);
			path = Model;
			sourceTree = "<group>";
		};
		15A1B2C53026A0010018E77C /* ViewModel */ = {
			isa = PBXGroup;
			children = (
				15A1B2C23026A0010018E77C /* MainTabBarViewModel.swift */,
			);
			path = ViewModel;
			sourceTree = "<group>";
		};
		15C49058302AC61600EFF3E9 /* Placeholder */ = {
			isa = PBXGroup;
			children = (
				15C49059302AC62900EFF3E9 /* Cell */,
			);
			path = Placeholder;
			sourceTree = "<group>";
		};
		15C49059302AC62900EFF3E9 /* Cell */ = {
			isa = PBXGroup;
			children = (
				15C4905A302AC64C00EFF3E9 /* PlaceholderCell.swift */,
			);
			path = Cell;
			sourceTree = "<group>";
		};
		15C4F0CA302AD30D00EFF3E9 /* Header */ = {
			isa = PBXGroup;
			children = (
				15C4F0CF302AD3B700EFF3E9 /* MainBaseTitleHeader.swift */,
			);
			path = Header;
			sourceTree = "<group>";
		};
		15C4F0D1302AD69A00EFF3E9 /* Header */ = {
			isa = PBXGroup;
			children = (
				15C4F0D2302AD6B500EFF3E9 /* MainHomeTitleHeader.swift */,
			);
			path = Header;
			sourceTree = "<group>";
		};
		15C4F130302AFB4F00EFF3E9 /* ViewModel */ = {
			isa = PBXGroup;
			children = (
				15C4F131302AFB6700EFF3E9 /* MainHomeViewModel.swift */,
			);
			path = ViewModel;
			sourceTree = "<group>";
		};
		15C4F133302AFF8100EFF3E9 /* Factory */ = {
			isa = PBXGroup;
			children = (
				15C4F134302AFF9D00EFF3E9 /* ViewFactory.swift */,
			);
			path = Factory;
			sourceTree = "<group>";
		};
		15C4F13B302B0CA800EFF3E9 /* HintView */ = {
			isa = PBXGroup;
			children = (
				15C4F13C302B0CBC00EFF3E9 /* BaseHintView.swift */,
			);
			path = HintView;
			sourceTree = "<group>";
		};
		15C4F1A7302B1A4800EFF3E9 /* ErrorView */ = {
			isa = PBXGroup;
			children = (
				15C4F1A8302B1A6500EFF3E9 /* ErrorView.swift */,
			);
			path = ErrorView;
			sourceTree = "<group>";
		};
		15D10007302C100100000007 /* Model */ = {
			isa = PBXGroup;
			children = (
				15D10001302C100100000001 /* DiceGame.swift */,
				15D10002302C100100000002 /* GameStatistics.swift */,
			);
			path = Model;
			sourceTree = "<group>";
		};
		15D10008302C100100000008 /* Preview */ = {
			isa = PBXGroup;
			children = (
				15D10006302C100100000006 /* MainHomeSampleData.swift */,
			);
			path = Preview;
			sourceTree = "<group>";
		};
		15D30002302C200100000002 /* Router */ = {
			isa = PBXGroup;
			children = (
				15D30001302C200100000001 /* MainHomeRouter.swift */,
			);
			path = Router;
			sourceTree = "<group>";
		};
		15D30003302D100100000003 /* DetailBase */ = {
			isa = PBXGroup;
			children = (
				15D30004302D100100000004 /* Controller */,
				15D30007302D100100000007 /* View */,
			);
			path = DetailBase;
			sourceTree = "<group>";
		};
		15D30004302D100100000004 /* Controller */ = {
			isa = PBXGroup;
			children = (
				15D30001302D100100000001 /* DetailBaseViewController.swift */,
			);
			path = Controller;
			sourceTree = "<group>";
		};
		15D30007302D100100000007 /* View */ = {
			isa = PBXGroup;
			children = (
				15D50009302D200100000009 /* Cell */,
				15D5000A302D20010000000A /* Header */,
				15D30008302D100100000008 /* SubView */,
			);
			path = View;
			sourceTree = "<group>";
		};
		15D30008302D100100000008 /* SubView */ = {
			isa = PBXGroup;
			children = (
				15D30005302D100100000005 /* DetailBaseView.swift */,
			);
			path = SubView;
			sourceTree = "<group>";
		};
		15D50009302D200100000009 /* Cell */ = {
			isa = PBXGroup;
			children = (
				15D50005302D200100000005 /* DetailBaseCollectionViewCell.swift */,
			);
			path = Cell;
			sourceTree = "<group>";
		};
		15D5000A302D20010000000A /* Header */ = {
			isa = PBXGroup;
			children = (
				15D50007302D200100000007 /* DetailBaseTitleHeader.swift */,
			);
			path = Header;
			sourceTree = "<group>";
		};
		15FA77A4302D6AEF0097077D /* SubView */ = {
			isa = PBXGroup;
			children = (
				15FA77A5302D6B0A0097077D /* BottomBar.swift */,
			);
			path = SubView;
			sourceTree = "<group>";
		};
/* End PBXGroup section */

/* Begin PBXNativeTarget section */
		150B9258301F31AC00BA35E2 /* BarGame */ = {
			isa = PBXNativeTarget;
			buildConfigurationList = 150B926C301F31AC00BA35E2 /* Build configuration list for PBXNativeTarget "BarGame" */;
			buildPhases = (
				150B9255301F31AC00BA35E2 /* Sources */,
				150B9256301F31AC00BA35E2 /* Frameworks */,
				150B9257301F31AC00BA35E2 /* Resources */,
			);
			buildRules = (
			);
			dependencies = (
			);
			fileSystemSynchronizedGroups = (
				150B925B301F31AC00BA35E2 /* BarGame */,
			);
			name = BarGame;
			packageProductDependencies = (
				1562853B301F3A2500702D1E /* SDWebImage */,
				1562853E301F3A3100702D1E /* SnapKit */,
				15628541301F3A5400702D1E /* SkeletonView */,
			);
			productName = BarGame;
			productReference = 150B9259301F31AC00BA35E2 /* BarGame.app */;
			productType = "com.apple.product-type.application";
		};
/* End PBXNativeTarget section */

/* Begin PBXProject section */
		150B9251301F31AC00BA35E2 /* Project object */ = {
			isa = PBXProject;
			attributes = {
				BuildIndependentTargetsInParallel = 1;
				LastSwiftUpdateCheck = 2640;
				LastUpgradeCheck = 2640;
				TargetAttributes = {
					150B9258301F31AC00BA35E2 = {
						CreatedOnToolsVersion = 26.4;
					};
				};
			};
			buildConfigurationList = 150B9254301F31AC00BA35E2 /* Build configuration list for PBXProject "BarGame" */;
			developmentRegion = en;
			hasScannedForEncodings = 0;
			knownRegions = (
				en,
				Base,
			);
			mainGroup = 150B9250301F31AC00BA35E2;
			minimizedProjectReferenceProxies = 1;
			packageReferences = (
				1562853A301F3A2500702D1E /* XCRemoteSwiftPackageReference "SDWebImage" */,
				1562853D301F3A3100702D1E /* XCRemoteSwiftPackageReference "SnapKit" */,
				15628540301F3A5400702D1E /* XCRemoteSwiftPackageReference "SkeletonView" */,
			);
			preferredProjectObjectVersion = 77;
			productRefGroup = 150B925A301F31AC00BA35E2 /* Products */;
			projectDirPath = "";
			projectRoot = "";
			targets = (
				150B9258301F31AC00BA35E2 /* BarGame */,
			);
		};
/* End PBXProject section */

/* Begin PBXResourcesBuildPhase section */
		150B9257301F31AC00BA35E2 /* Resources */ = {
			isa = PBXResourcesBuildPhase;
			buildActionMask = 2147483647;
			files = (
			);
			runOnlyForDeploymentPostprocessing = 0;
		};
/* End PBXResourcesBuildPhase section */

/* Begin PBXSourcesBuildPhase section */
		150B9255301F31AC00BA35E2 /* Sources */ = {
			isa = PBXSourcesBuildPhase;
			buildActionMask = 2147483647;
			files = (
				1539357F302850010026C98C /* MainBaseView.swift in Sources */,
				15393581302851010026C98C /* MainBaseCollectionViewCell.swift in Sources */,
				15C8B67D3029821700457B00 /* ThemeColor.swift in Sources */,
				15628557301F6D8B00702D1E /* CoreMotionUpdatesProvider.swift in Sources */,
				1596A271302599020018E77C /* DiceGameState.swift in Sources */,
				1578333B3027820F0087747A /* MainBaseViewController.swift in Sources */,
				1578333C3027820F0087747A /* RootBaseViewController.swift in Sources */,
				15C4F1A9302B1A6500EFF3E9 /* ErrorView.swift in Sources */,
				15C4905B302AC64C00EFF3E9 /* PlaceholderCell.swift in Sources */,
				1578333D3027820F0087747A /* StandardBaseViewController.swift in Sources */,
				15D30002302D100100000002 /* DetailBaseViewController.swift in Sources */,
				15D30006302D100100000006 /* DetailBaseView.swift in Sources */,
				15D50002302D200100000002 /* StandardBaseCollectionViewCell.swift in Sources */,
				15D50004302D200100000004 /* StandardBaseTitleHeader.swift in Sources */,
				15D50006302D200100000006 /* DetailBaseCollectionViewCell.swift in Sources */,
				15D50008302D200100000008 /* DetailBaseTitleHeader.swift in Sources */,
				1578333E3027820F0087747A /* AppLogger.swift in Sources */,
				15C4F0D0302AD3B700EFF3E9 /* MainBaseTitleHeader.swift in Sources */,
				15C4F13D302B0CBC00EFF3E9 /* BaseHintView.swift in Sources */,
				157833423027822D0087747A /* MainHomeViewController.swift in Sources */,
				15C4F132302AFB6700EFF3E9 /* MainHomeViewModel.swift in Sources */,
				153935F1302871000026C98C /* MainHomeDiceCollectionViewCell.swift in Sources */,
				153511FE302C539600F367B8 /* GameDetailViewController.swift in Sources */,
				15351301302C700100F367B8 /* GameDetailSection.swift in Sources */,
				15351303302C710100F367B8 /* GameDetailTitleHeader.swift in Sources */,
				15351305302C720100F367B8 /* GameDetailRule.swift in Sources */,
				15351307302C720100F367B8 /* GameDetailRuleCell.swift in Sources */,
				15351309302C730100F367B8 /* GameDetailRuleCatalog.swift in Sources */,
				1535130B302C740100F367B8 /* GameDetailRouter.swift in Sources */,
				15351311302D300100F367B8 /* GameDetailSetting.swift in Sources */,
				15351313302D300100F367B8 /* GameDetailState.swift in Sources */,
				15351315302D300100F367B8 /* GameDetailViewModel.swift in Sources */,
				15351317302D300100F367B8 /* GameDetailSettingCell.swift in Sources */,
				15D20001302C100100000001 /* DiceGame.swift in Sources */,
				15D20002302C100100000002 /* GameStatistics.swift in Sources */,
				15D20003302C100100000003 /* MainHomeSnapshot.swift in Sources */,
				15D20004302C100100000004 /* MainHomeConfiguration.swift in Sources */,
				15D20005302C100100000005 /* MainHomeState.swift in Sources */,
				15D20006302C100100000006 /* MainHomeSampleData.swift in Sources */,
				15D40001302C200100000001 /* MainHomeRouter.swift in Sources */,
				1596A2EC3025C9E40018E77C /* MainTabBarController.swift in Sources */,
				15C4F137302B087000EFF3E9 /* MainHomeGameResultsCell.swift in Sources */,
				15C4F0D3302AD6B500EFF3E9 /* MainHomeTitleHeader.swift in Sources */,
				15A1B2C13026A0010018E77C /* MainTabBarState.swift in Sources */,
				15A1B2C33026A0010018E77C /* MainTabBarViewModel.swift in Sources */,
				15C4F135302AFF9D00EFF3E9 /* ViewFactory.swift in Sources */,
				1596A273302599020018E77C /* DiceGameViewModel.swift in Sources */,
				1596A2753025A4370018E77C /* DiceGameView.swift in Sources */,
				1596A2773025A4370018E77C /* DiceControlButton.swift in Sources */,
				15C4F0D5302AF41900EFF3E9 /* MainHomeGameListCell.swift in Sources */,
				15628551301F45A000702D1E /* DicePhysicsCategory.swift in Sources */,
				15628553301F45A100702D1E /* DiceNode.swift in Sources */,
				15071E72302C4DDF00B1817D /* BaseRouter.swift in Sources */,
				1596A26D302590E50018E77C /* DiceGameViewController.swift in Sources */,
				15FA77A6302D6B0A0097077D /* BottomBar.swift in Sources */,
				157833643028D3D40087747A /* UIColor+Extension.swift in Sources */,
				15628555301F45A200702D1E /* DiceArena.swift in Sources */,
				1562854B301F3EBE00702D1E /* GameDiceView.swift in Sources */,
			);
			runOnlyForDeploymentPostprocessing = 0;
		};
/* End PBXSourcesBuildPhase section */

/* Begin XCBuildConfiguration section */
		150B926D301F31AC00BA35E2 /* Debug */ = {
			isa = XCBuildConfiguration;
			buildSettings = {
				ASSETCATALOG_COMPILER_APPICON_NAME = AppIcon;
				ASSETCATALOG_COMPILER_GLOBAL_ACCENT_COLOR_NAME = AccentColor;
				CODE_SIGN_STYLE = Automatic;
				CURRENT_PROJECT_VERSION = 1;
				DEVELOPMENT_TEAM = G5A93Q7SG9;
				GENERATE_INFOPLIST_FILE = YES;
				INFOPLIST_FILE = BarGame/Info.plist;
				INFOPLIST_KEY_UIApplicationSupportsIndirectInputEvents = YES;
				INFOPLIST_KEY_UILaunchStoryboardName = LaunchScreen;
				INFOPLIST_KEY_UISupportedInterfaceOrientations_iPad = "UIInterfaceOrientationPortrait UIInterfaceOrientationPortraitUpsideDown UIInterfaceOrientationLandscapeLeft UIInterfaceOrientationLandscapeRight";
				INFOPLIST_KEY_UISupportedInterfaceOrientations_iPhone = "UIInterfaceOrientationPortrait UIInterfaceOrientationLandscapeLeft UIInterfaceOrientationLandscapeRight";
				LD_RUNPATH_SEARCH_PATHS = (
					"$(inherited)",
					"@executable_path/Frameworks",
				);
				MARKETING_VERSION = 1.0;
				PRODUCT_BUNDLE_IDENTIFIER = willyhsu.co.BarGame;
				PRODUCT_NAME = "$(TARGET_NAME)";
				STRING_CATALOG_GENERATE_SYMBOLS = YES;
				SWIFT_APPROACHABLE_CONCURRENCY = YES;
				SWIFT_DEFAULT_ACTOR_ISOLATION = MainActor;
				SWIFT_EMIT_LOC_STRINGS = YES;
				SWIFT_STRICT_CONCURRENCY = complete;
				SWIFT_UPCOMING_FEATURE_MEMBER_IMPORT_VISIBILITY = YES;
				SWIFT_VERSION = 6.0;
				TARGETED_DEVICE_FAMILY = "1,2";
			};
			name = Debug;
		};
		150B926E301F31AC00BA35E2 /* Release */ = {
			isa = XCBuildConfiguration;
			buildSettings = {
				ASSETCATALOG_COMPILER_APPICON_NAME = AppIcon;
				ASSETCATALOG_COMPILER_GLOBAL_ACCENT_COLOR_NAME = AccentColor;
				CODE_SIGN_STYLE = Automatic;
				CURRENT_PROJECT_VERSION = 1;
				DEVELOPMENT_TEAM = G5A93Q7SG9;
				GENERATE_INFOPLIST_FILE = YES;
				INFOPLIST_FILE = BarGame/Info.plist;
				INFOPLIST_KEY_UIApplicationSupportsIndirectInputEvents = YES;
				INFOPLIST_KEY_UILaunchStoryboardName = LaunchScreen;
				INFOPLIST_KEY_UISupportedInterfaceOrientations_iPad = "UIInterfaceOrientationPortrait UIInterfaceOrientationPortraitUpsideDown UIInterfaceOrientationLandscapeLeft UIInterfaceOrientationLandscapeRight";
				INFOPLIST_KEY_UISupportedInterfaceOrientations_iPhone = "UIInterfaceOrientationPortrait UIInterfaceOrientationLandscapeLeft UIInterfaceOrientationLandscapeRight";
				LD_RUNPATH_SEARCH_PATHS = (
					"$(inherited)",
					"@executable_path/Frameworks",
				);
				MARKETING_VERSION = 1.0;
				PRODUCT_BUNDLE_IDENTIFIER = willyhsu.co.BarGame;
				PRODUCT_NAME = "$(TARGET_NAME)";
				STRING_CATALOG_GENERATE_SYMBOLS = YES;
				SWIFT_APPROACHABLE_CONCURRENCY = YES;
				SWIFT_DEFAULT_ACTOR_ISOLATION = MainActor;
				SWIFT_EMIT_LOC_STRINGS = YES;
				SWIFT_STRICT_CONCURRENCY = complete;
				SWIFT_UPCOMING_FEATURE_MEMBER_IMPORT_VISIBILITY = YES;
				SWIFT_VERSION = 6.0;
				TARGETED_DEVICE_FAMILY = "1,2";
			};
			name = Release;
		};
		150B926F301F31AC00BA35E2 /* Debug */ = {
			isa = XCBuildConfiguration;
			buildSettings = {
				ALWAYS_SEARCH_USER_PATHS = NO;
				ASSETCATALOG_COMPILER_GENERATE_SWIFT_ASSET_SYMBOL_EXTENSIONS = YES;
				CLANG_ANALYZER_NONNULL = YES;
				CLANG_ANALYZER_NUMBER_OBJECT_CONVERSION = YES_AGGRESSIVE;
				CLANG_CXX_LANGUAGE_STANDARD = "gnu++20";
				CLANG_ENABLE_MODULES = YES;
				CLANG_ENABLE_OBJC_ARC = YES;
				CLANG_ENABLE_OBJC_WEAK = YES;
				CLANG_WARN_BLOCK_CAPTURE_AUTORELEASING = YES;
				CLANG_WARN_BOOL_CONVERSION = YES;
				CLANG_WARN_COMMA = YES;
				CLANG_WARN_CONSTANT_CONVERSION = YES;
				CLANG_WARN_DEPRECATED_OBJC_IMPLEMENTATIONS = YES;
				CLANG_WARN_DIRECT_OBJC_ISA_USAGE = YES_ERROR;
				CLANG_WARN_DOCUMENTATION_COMMENTS = YES;
				CLANG_WARN_EMPTY_BODY = YES;
				CLANG_WARN_ENUM_CONVERSION = YES;
				CLANG_WARN_INFINITE_RECURSION = YES;
				CLANG_WARN_INT_CONVERSION = YES;
				CLANG_WARN_NON_LITERAL_NULL_CONVERSION = YES;
				CLANG_WARN_OBJC_IMPLICIT_RETAIN_SELF = YES;
				CLANG_WARN_OBJC_LITERAL_CONVERSION = YES;
				CLANG_WARN_OBJC_ROOT_CLASS = YES_ERROR;
				CLANG_WARN_QUOTED_INCLUDE_IN_FRAMEWORK_HEADER = YES;
				CLANG_WARN_RANGE_LOOP_ANALYSIS = YES;
				CLANG_WARN_STRICT_PROTOTYPES = YES;
				CLANG_WARN_SUSPICIOUS_MOVE = YES;
				CLANG_WARN_UNGUARDED_AVAILABILITY = YES_AGGRESSIVE;
				CLANG_WARN_UNREACHABLE_CODE = YES;
				CLANG_WARN__DUPLICATE_METHOD_MATCH = YES;
				COPY_PHASE_STRIP = NO;
				DEBUG_INFORMATION_FORMAT = dwarf;
				DEVELOPMENT_TEAM = G5A93Q7SG9;
				ENABLE_STRICT_OBJC_MSGSEND = YES;
				ENABLE_TESTABILITY = YES;
				ENABLE_USER_SCRIPT_SANDBOXING = YES;
				GCC_C_LANGUAGE_STANDARD = gnu17;
				GCC_DYNAMIC_NO_PIC = NO;
				GCC_NO_COMMON_BLOCKS = YES;
				GCC_OPTIMIZATION_LEVEL = 0;
				GCC_PREPROCESSOR_DEFINITIONS = (
					"DEBUG=1",
					"$(inherited)",
				);
				GCC_WARN_64_TO_32_BIT_CONVERSION = YES;
				GCC_WARN_ABOUT_RETURN_TYPE = YES_ERROR;
				GCC_WARN_UNDECLARED_SELECTOR = YES;
				GCC_WARN_UNINITIALIZED_AUTOS = YES_AGGRESSIVE;
				GCC_WARN_UNUSED_FUNCTION = YES;
				GCC_WARN_UNUSED_VARIABLE = YES;
				IPHONEOS_DEPLOYMENT_TARGET = 26.0;
				LOCALIZATION_PREFERS_STRING_CATALOGS = YES;
				MTL_ENABLE_DEBUG_INFO = INCLUDE_SOURCE;
				MTL_FAST_MATH = YES;
				ONLY_ACTIVE_ARCH = YES;
				SDKROOT = iphoneos;
				SWIFT_ACTIVE_COMPILATION_CONDITIONS = "DEBUG $(inherited)";
				SWIFT_OPTIMIZATION_LEVEL = "-Onone";
				SWIFT_VERSION = 6.0;
			};
			name = Debug;
		};
		150B9270301F31AC00BA35E2 /* Release */ = {
			isa = XCBuildConfiguration;
			buildSettings = {
				ALWAYS_SEARCH_USER_PATHS = NO;
				ASSETCATALOG_COMPILER_GENERATE_SWIFT_ASSET_SYMBOL_EXTENSIONS = YES;
				CLANG_ANALYZER_NONNULL = YES;
				CLANG_ANALYZER_NUMBER_OBJECT_CONVERSION = YES_AGGRESSIVE;
				CLANG_CXX_LANGUAGE_STANDARD = "gnu++20";
				CLANG_ENABLE_MODULES = YES;
				CLANG_ENABLE_OBJC_ARC = YES;
				CLANG_ENABLE_OBJC_WEAK = YES;
				CLANG_WARN_BLOCK_CAPTURE_AUTORELEASING = YES;
				CLANG_WARN_BOOL_CONVERSION = YES;
				CLANG_WARN_COMMA = YES;
				CLANG_WARN_CONSTANT_CONVERSION = YES;
				CLANG_WARN_DEPRECATED_OBJC_IMPLEMENTATIONS = YES;
				CLANG_WARN_DIRECT_OBJC_ISA_USAGE = YES_ERROR;
				CLANG_WARN_DOCUMENTATION_COMMENTS = YES;
				CLANG_WARN_EMPTY_BODY = YES;
				CLANG_WARN_ENUM_CONVERSION = YES;
				CLANG_WARN_INFINITE_RECURSION = YES;
				CLANG_WARN_INT_CONVERSION = YES;
				CLANG_WARN_NON_LITERAL_NULL_CONVERSION = YES;
				CLANG_WARN_OBJC_IMPLICIT_RETAIN_SELF = YES;
				CLANG_WARN_OBJC_LITERAL_CONVERSION = YES;
				CLANG_WARN_OBJC_ROOT_CLASS = YES_ERROR;
				CLANG_WARN_QUOTED_INCLUDE_IN_FRAMEWORK_HEADER = YES;
				CLANG_WARN_RANGE_LOOP_ANALYSIS = YES;
				CLANG_WARN_STRICT_PROTOTYPES = YES;
				CLANG_WARN_SUSPICIOUS_MOVE = YES;
				CLANG_WARN_UNGUARDED_AVAILABILITY = YES_AGGRESSIVE;
				CLANG_WARN_UNREACHABLE_CODE = YES;
				CLANG_WARN__DUPLICATE_METHOD_MATCH = YES;
				COPY_PHASE_STRIP = NO;
				DEBUG_INFORMATION_FORMAT = "dwarf-with-dsym";
				DEVELOPMENT_TEAM = G5A93Q7SG9;
				ENABLE_NS_ASSERTIONS = NO;
				ENABLE_STRICT_OBJC_MSGSEND = YES;
				ENABLE_USER_SCRIPT_SANDBOXING = YES;
				GCC_C_LANGUAGE_STANDARD = gnu17;
				GCC_NO_COMMON_BLOCKS = YES;
				GCC_WARN_64_TO_32_BIT_CONVERSION = YES;
				GCC_WARN_ABOUT_RETURN_TYPE = YES_ERROR;
				GCC_WARN_UNDECLARED_SELECTOR = YES;
				GCC_WARN_UNINITIALIZED_AUTOS = YES_AGGRESSIVE;
				GCC_WARN_UNUSED_FUNCTION = YES;
				GCC_WARN_UNUSED_VARIABLE = YES;
				IPHONEOS_DEPLOYMENT_TARGET = 26.0;
				LOCALIZATION_PREFERS_STRING_CATALOGS = YES;
				MTL_ENABLE_DEBUG_INFO = NO;
				MTL_FAST_MATH = YES;
				SDKROOT = iphoneos;
				SWIFT_COMPILATION_MODE = wholemodule;
				SWIFT_VERSION = 6.0;
				VALIDATE_PRODUCT = YES;
			};
			name = Release;
		};
/* End XCBuildConfiguration section */

/* Begin XCConfigurationList section */
		150B9254301F31AC00BA35E2 /* Build configuration list for PBXProject "BarGame" */ = {
			isa = XCConfigurationList;
			buildConfigurations = (
				150B926F301F31AC00BA35E2 /* Debug */,
				150B9270301F31AC00BA35E2 /* Release */,
			);
			defaultConfigurationIsVisible = 0;
			defaultConfigurationName = Release;
		};
		150B926C301F31AC00BA35E2 /* Build configuration list for PBXNativeTarget "BarGame" */ = {
			isa = XCConfigurationList;
			buildConfigurations = (
				150B926D301F31AC00BA35E2 /* Debug */,
				150B926E301F31AC00BA35E2 /* Release */,
			);
			defaultConfigurationIsVisible = 0;
			defaultConfigurationName = Release;
		};
/* End XCConfigurationList section */

/* Begin XCRemoteSwiftPackageReference section */
		1562853A301F3A2500702D1E /* XCRemoteSwiftPackageReference "SDWebImage" */ = {
			isa = XCRemoteSwiftPackageReference;
			repositoryURL = "https://github.com/SDWebImage/SDWebImage";
			requirement = {
				kind = upToNextMajorVersion;
				minimumVersion = 5.21.7;
			};
		};
		1562853D301F3A3100702D1E /* XCRemoteSwiftPackageReference "SnapKit" */ = {
			isa = XCRemoteSwiftPackageReference;
			repositoryURL = "https://github.com/SnapKit/SnapKit";
			requirement = {
				kind = upToNextMajorVersion;
				minimumVersion = 6.0.0;
			};
		};
		15628540301F3A5400702D1E /* XCRemoteSwiftPackageReference "SkeletonView" */ = {
			isa = XCRemoteSwiftPackageReference;
			repositoryURL = "https://github.com/Juanpe/SkeletonView.git";
			requirement = {
				kind = upToNextMajorVersion;
				minimumVersion = 1.31.0;
			};
		};
/* End XCRemoteSwiftPackageReference section */

/* Begin XCSwiftPackageProductDependency section */
		1562853B301F3A2500702D1E /* SDWebImage */ = {
			isa = XCSwiftPackageProductDependency;
			package = 1562853A301F3A2500702D1E /* XCRemoteSwiftPackageReference "SDWebImage" */;
			productName = SDWebImage;
		};
		1562853E301F3A3100702D1E /* SnapKit */ = {
			isa = XCSwiftPackageProductDependency;
			package = 1562853D301F3A3100702D1E /* XCRemoteSwiftPackageReference "SnapKit" */;
			productName = SnapKit;
		};
		15628541301F3A5400702D1E /* SkeletonView */ = {
			isa = XCSwiftPackageProductDependency;
			package = 15628540301F3A5400702D1E /* XCRemoteSwiftPackageReference "SkeletonView" */;
			productName = SkeletonView;
		};
/* End XCSwiftPackageProductDependency section */
	};
	rootObject = 150B9251301F31AC00BA35E2 /* Project object */;
}
