// !$*UTF8*$!
{
	archiveVersion = 1;
	classes = {
	};
	objectVersion = 77;
	objects = {

/* Begin PBXBuildFile section */
		15071E72302C4DDF00B1817D /* BaseRouter.swift in Sources */ = {isa = PBXBuildFile; fileRef = 15071E71302C4DDF00B1817D /* BaseRouter.swift */; };
		153511FE302C539600F367B8 /* GameSettingViewController.swift in Sources */ = {isa = PBXBuildFile; fileRef = 153511FD302C539600F367B8 /* GameSettingViewController.swift */; };
		15351301302C700100F367B8 /* GameSettingSection.swift in Sources */ = {isa = PBXBuildFile; fileRef = 15351300302C700100F367B8 /* GameSettingSection.swift */; };
		15351303302C710100F367B8 /* GameSettingTitleHeader.swift in Sources */ = {isa = PBXBuildFile; fileRef = 15351302302C710100F367B8 /* GameSettingTitleHeader.swift */; };
		15351305302C720100F367B8 /* GameSettingRule.swift in Sources */ = {isa = PBXBuildFile; fileRef = 15351304302C720100F367B8 /* GameSettingRule.swift */; };
		15351307302C720100F367B8 /* GameSettingRuleCell.swift in Sources */ = {isa = PBXBuildFile; fileRef = 15351306302C720100F367B8 /* GameSettingRuleCell.swift */; };
		15351309302C730100F367B8 /* GameSettingRuleCatalog.swift in Sources */ = {isa = PBXBuildFile; fileRef = 15351308302C730100F367B8 /* GameSettingRuleCatalog.swift */; };
		1535130B302C740100F367B8 /* GameSettingRouter.swift in Sources */ = {isa = PBXBuildFile; fileRef = 1535130A302C740100F367B8 /* GameSettingRouter.swift */; };
		15351311302D300100F367B8 /* GameSetting.swift in Sources */ = {isa = PBXBuildFile; fileRef = 15351310302D300100F367B8 /* GameSetting.swift */; };
		15351313302D300100F367B8 /* GameSettingState.swift in Sources */ = {isa = PBXBuildFile; fileRef = 15351312302D300100F367B8 /* GameSettingState.swift */; };
		15351315302D300100F367B8 /* GameSettingViewModel.swift in Sources */ = {isa = PBXBuildFile; fileRef = 15351314302D300100F367B8 /* GameSettingViewModel.swift */; };
		15351317302D300100F367B8 /* GameSettingCell.swift in Sources */ = {isa = PBXBuildFile; fileRef = 15351316302D300100F367B8 /* GameSettingCell.swift */; };
		1539357F302850010026C98C /* MainBaseView.swift in Sources */ = {isa = PBXBuildFile; fileRef = 1539357E302850010026C98C /* MainBaseView.swift */; };
		15393581302851010026C98C /* MainBaseCollectionViewCell.swift in Sources */ = {isa = PBXBuildFile; fileRef = 15393580302851010026C98C /* MainBaseCollectionViewCell.swift */; };
		153935F1302871000026C98C /* MainHomeDiceCollectionViewCell.swift in Sources */ = {isa = PBXBuildFile; fileRef = 153935F0302871000026C98C /* MainHomeDiceCollectionViewCell.swift */; };
		1562853C301F3A2500702D1E /* SDWebImage in Frameworks */ = {isa = PBXBuildFile; productRef = 1562853B301F3A2500702D1E /* SDWebImage */; };
		1562853F301F3A3100702D1E /* SnapKit in Frameworks */ = {isa = PBXBuildFile; productRef = 1562853E301F3A3100702D1E /* SnapKit */; };
		15628542301F3A5400702D1E /* SkeletonView in Frameworks */ = {isa = PBXBuildFile; productRef = 15628541301F3A5400702D1E /* SkeletonView */; };
		1562854B301F3EBE00702D1E /* GameDiceView.swift in Sources */ = {isa = PBXBuildFile; fileRef = 1562854A301F3EBE00702D1E /* GameDiceView.swift */; };
		15628551301F45A000702D1E /* DicePhysicsCategory.swift in Sources */ = {isa = PBXBuildFile; fileRef = 15628550301F45A000702D1E /* DicePhysicsCategory.swift */; };
		15628553301F45A100702D1E /* DiceNode.swift in Sources */ = {isa = PBXBuildFile; fileRef = 15628552301F45A100702D1E /* DiceNode.swift */; };
		15628555301F45A200702D1E /* DiceArena.swift in Sources */ = {isa = PBXBuildFile; fileRef = 15628554301F45A200702D1E /* DiceArena.swift */; };
		15628557301F6D8B00702D1E /* CoreMotionUpdatesProvider.swift in Sources */ = {isa = PBXBuildFile; fileRef = 15628556301F6D8B00702D1E /* CoreMotionUpdatesProvider.swift */; };
		1578333B3027820F0087747A /* MainBaseViewController.swift in Sources */ = {isa = PBXBuildFile; fileRef = 157833313027820F0087747A /* MainBaseViewController.swift */; };
		1578333C3027820F0087747A /* RootBaseViewController.swift in Sources */ = {isa = PBXBuildFile; fileRef = 157833333027820F0087747A /* RootBaseViewController.swift */; };
		1578333D3027820F0087747A /* StandardBaseViewController.swift in Sources */ = {isa = PBXBuildFile; fileRef = 157833353027820F0087747A /* StandardBaseViewController.swift */; };
		1578333E3027820F0087747A /* AppLogger.swift in Sources */ = {isa = PBXBuildFile; fileRef = 157833383027820F0087747A /* AppLogger.swift */; };
		157833423027822D0087747A /* MainHomeViewController.swift in Sources */ = {isa = PBXBuildFile; fileRef = 1578333F3027822D0087747A /* MainHomeViewController.swift */; };
		157833643028D3D40087747A /* UIColor+Extension.swift in Sources */ = {isa = PBXBuildFile; fileRef = 157833633028D3D40087747A /* UIColor+Extension.swift */; };
		1596A26D302590E50018E77C /* DiceGameViewController.swift in Sources */ = {isa = PBXBuildFile; fileRef = 1596A26C302590E50018E77C /* DiceGameViewController.swift */; };
		1596A271302599020018E77C /* DiceGameState.swift in Sources */ = {isa = PBXBuildFile; fileRef = 1596A270302599020018E77C /* DiceGameState.swift */; };
		1596A273302599020018E77C /* DiceGameViewModel.swift in Sources */ = {isa = PBXBuildFile; fileRef = 1596A272302599020018E77C /* DiceGameViewModel.swift */; };
		1596A2753025A4370018E77C /* DiceGameView.swift in Sources */ = {isa = PBXBuildFile; fileRef = 1596A2743025A4370018E77C /* DiceGameView.swift */; };
		1596A2EC3025C9E40018E77C /* MainTabBarController.swift in Sources */ = {isa = PBXBuildFile; fileRef = 1596A2EB3025C9E40018E77C /* MainTabBarController.swift */; };
		15A1B2C13026A0010018E77C /* MainTabBarState.swift in Sources */ = {isa = PBXBuildFile; fileRef = 15A1B2C03026A0010018E77C /* MainTabBarState.swift */; };
		15A1B2C33026A0010018E77C /* MainTabBarViewModel.swift in Sources */ = {isa = PBXBuildFile; fileRef = 15A1B2C23026A0010018E77C /* MainTabBarViewModel.swift */; };
		15C4905B302AC64C00EFF3E9 /* PlaceholderCell.swift in Sources */ = {isa = PBXBuildFile; fileRef = 15C4905A302AC64C00EFF3E9 /* PlaceholderCell.swift */; };
		15C4F0D0302AD3B700EFF3E9 /* MainBaseTitleHeader.swift in Sources */ = {isa = PBXBuildFile; fileRef = 15C4F0CF302AD3B700EFF3E9 /* MainBaseTitleHeader.swift */; };
		15C4F0D3302AD6B500EFF3E9 /* MainHomeTitleHeader.swift in Sources */ = {isa = PBXBuildFile; fileRef = 15C4F0D2302AD6B500EFF3E9 /* MainHomeTitleHeader.swift */; };
		15C4F0D5302AF41900EFF3E9 /* MainHomeGameListCell.swift in Sources */ = {isa = PBXBuildFile; fileRef = 15C4F0D4302AF41900EFF3E9 /* MainHomeGameListCell.swift */; };
		15C4F132302AFB6700EFF3E9 /* MainHomeViewModel.swift in Sources */ = {isa = PBXBuildFile; fileRef = 15C4F131302AFB6700EFF3E9 /* MainHomeViewModel.swift */; };
		15C4F135302AFF9D00EFF3E9 /* ViewFactory.swift in Sources */ = {isa = PBXBuildFile; fileRef = 15C4F134302AFF9D00EFF3E9 /* ViewFactory.swift */; };
		15C4F137302B087000EFF3E9 /* MainHomeGameResultsCell.swift in Sources */ = {isa = PBXBuildFile; fileRef = 15C4F136302B087000EFF3E9 /* MainHomeGameResultsCell.swift */; };
		15C4F13D302B0CBC00EFF3E9 /* BaseHintView.swift in Sources */ = {isa = PBXBuildFile; fileRef = 15C4F13C302B0CBC00EFF3E9 /* BaseHintView.swift */; };
		15C4F1A9302B1A6500EFF3E9 /* ErrorView.swift in Sources */ = {isa = PBXBuildFile; fileRef = 15C4F1A8302B1A6500EFF3E9 /* ErrorView.swift */; };
		15C8B67D3029821700457B00 /* ThemeColor.swift in Sources */ = {isa = PBXBuildFile; fileRef = 15C8B67C3029821700457B00 /* ThemeColor.swift */; };
		15D20001302C100100000001 /* DiceGame.swift in Sources */ = {isa = PBXBuildFile; fileRef = 15D10001302C100100000001 /* DiceGame.swift */; };
		15D20002302C100100000002 /* GameStatistics.swift in Sources */ = {isa = PBXBuildFile; fileRef = 15D10002302C100100000002 /* GameStatistics.swift */; };
		15D20003302C100100000003 /* MainHomeSnapshot.swift in Sources */ = {isa = PBXBuildFile; fileRef = 15D10003302C100100000003 /* MainHomeSnapshot.swift */; };
		15D20004302C100100000004 /* MainHomeConfiguration.swift in Sources */ = {isa = PBXBuildFile; fileRef = 15D10004302C100100000004 /* MainHomeConfiguration.swift */; };
		15D20005302C100100000005 /* MainHomeState.swift in Sources */ = {isa = PBXBuildFile; fileRef = 15D10005302C100100000005 /* MainHomeState.swift */; };
		15D20006302C100100000006 /* MainHomeSampleData.swift in Sources */ = {isa = PBXBuildFile; fileRef = 15D10006302C100100000006 /* MainHomeSampleData.swift */; };
		15D30002302D100100000002 /* DetailBaseViewController.swift in Sources */ = {isa = PBXBuildFile; fileRef = 15D30001302D100100000001 /* DetailBaseViewController.swift */; };
		15D30006302D100100000006 /* DetailBaseView.swift in Sources */ = {isa = PBXBuildFile; fileRef = 15D30005302D100100000005 /* DetailBaseView.swift */; };
		15D40001302C200100000001 /* MainHomeRouter.swift in Sources */ = {isa = PBXBuildFile; fileRef = 15D30001302C200100000001 /* MainHomeRouter.swift */; };
		15D50002302D200100000002 /* StandardBaseCollectionViewCell.swift in Sources */ = {isa = PBXBuildFile; fileRef = 15D50001302D200100000001 /* StandardBaseCollectionViewCell.swift */; };
		15D50004302D200100000004 /* StandardBaseTitleHeader.swift in Sources */ = {isa = PBXBuildFile; fileRef = 15D50003302D200100000003 /* StandardBaseTitleHeader.swift */; };
		15D50006302D200100000006 /* DetailBaseCollectionViewCell.swift in Sources */ = {isa = PBXBuildFile; fileRef = 15D50005302D200100000005 /* DetailBaseCollectionViewCell.swift */; };
		15D50008302D200100000008 /* DetailBaseTitleHeader.swift in Sources */ = {isa = PBXBuildFile; fileRef = 15D50007302D200100000007 /* DetailBaseTitleHeader.swift */; };
		15E00002302E000100000002 /* DiceGameResultView.swift in Sources */ = {isa = PBXBuildFile; fileRef = 15E00001302E000100000001 /* DiceGameResultView.swift */; };
		15E10002302F000100000002 /* BaseBottomBar.swift in Sources */ = {isa = PBXBuildFile; fileRef = 15E10001302F000100000001 /* BaseBottomBar.swift */; };
		15E20002302F100100000002 /* DiceGameBottomBar.swift in Sources */ = {isa = PBXBuildFile; fileRef = 15E20001302F100100000001 /* DiceGameBottomBar.swift */; };
		15E30002302F200100000002 /* GameOutcome.swift in Sources */ = {isa = PBXBuildFile; fileRef = 15E30001302F200100000001 /* GameOutcome.swift */; };
		15E30004302F200100000004 /* DiceGameMatchRecord.swift in Sources */ = {isa = PBXBuildFile; fileRef = 15E30003302F200100000003 /* DiceGameMatchRecord.swift */; };
		15E30006302F200100000006 /* DiceGameRecordStore.swift in Sources */ = {isa = PBXBuildFile; fileRef = 15E30005302F200100000005 /* DiceGameRecordStore.swift */; };
		15E40006302F300100000006 /* BarGameSchema.swift in Sources */ = {isa = PBXBuildFile; fileRef = 15E40004302F300100000004 /* BarGameSchema.swift */; };
		15E40007302F300100000007 /* AppModelContainer.swift in Sources */ = {isa = PBXBuildFile; fileRef = 15E40005302F300100000005 /* AppModelContainer.swift */; };
		15E50011302F400100000011 /* GameIdentity.swift in Sources */ = {isa = PBXBuildFile; fileRef = 15E50001302F400100000001 /* GameIdentity.swift */; };
		15E50014302F400100000014 /* GameHistoryStore.swift in Sources */ = {isa = PBXBuildFile; fileRef = 15E50004302F400100000004 /* GameHistoryStore.swift */; };
		15E50015302F400100000015 /* DiceGameRecordMapper.swift in Sources */ = {isa = PBXBuildFile; fileRef = 15E50005302F400100000005 /* DiceGameRecordMapper.swift */; };
		15E600023030000100000002 /* GameHistoryStore+DiceGameRecords.swift in Sources */ = {isa = PBXBuildFile; fileRef = 15E600013030000100000001 /* GameHistoryStore+DiceGameRecords.swift */; };
		15FC0011303A000100000011 /* GameHistoryStore+Statistics.swift in Sources */ = {isa = PBXBuildFile; fileRef = 15FC0001303A000100000001 /* GameHistoryStore+Statistics.swift */; };
		15FC0012303A000100000012 /* GameHistoryStore+Sessions.swift in Sources */ = {isa = PBXBuildFile; fileRef = 15FC0002303A000100000002 /* GameHistoryStore+Sessions.swift */; };
		15FC0013303A000100000013 /* DiceGameRecordValidator.swift in Sources */ = {isa = PBXBuildFile; fileRef = 15FC0003303A000100000003 /* DiceGameRecordValidator.swift */; };
		15FC0014303A000100000014 /* DiceGameRecordSynchronizer.swift in Sources */ = {isa = PBXBuildFile; fileRef = 15FC0004303A000100000004 /* DiceGameRecordSynchronizer.swift */; };
		15E700033031000100000003 /* MainGameHistoryViewController.swift in Sources */ = {isa = PBXBuildFile; fileRef = 15E700013031000100000001 /* MainGameHistoryViewController.swift */; };
		15E800113032000100000011 /* GameSettingLocationState.swift in Sources */ = {isa = PBXBuildFile; fileRef = 15E800013032000100000001 /* GameSettingLocationState.swift */; };
		15E800123032000100000012 /* GameSettingLocationCell.swift in Sources */ = {isa = PBXBuildFile; fileRef = 15E800023032000100000002 /* GameSettingLocationCell.swift */; };
		15E800133032000100000013 /* GameLocationProviding.swift in Sources */ = {isa = PBXBuildFile; fileRef = 15E800033032000100000003 /* GameLocationProviding.swift */; };
		15E800143032000100000014 /* CoreLocationGameLocationProvider.swift in Sources */ = {isa = PBXBuildFile; fileRef = 15E800043032000100000004 /* CoreLocationGameLocationProvider.swift */; };
		15E800153032000100000015 /* GameLocationSnapshot.swift in Sources */ = {isa = PBXBuildFile; fileRef = 15E800053032000100000005 /* GameLocationSnapshot.swift */; };
		15E800163032000100000016 /* GameLocationAuthorizationState.swift in Sources */ = {isa = PBXBuildFile; fileRef = 15E800063032000100000006 /* GameLocationAuthorizationState.swift */; };
		15E800173032000100000017 /* GameLocationProviderError.swift in Sources */ = {isa = PBXBuildFile; fileRef = 15E800073032000100000007 /* GameLocationProviderError.swift */; };
		15E800183032000100000018 /* GameLocationCaching.swift in Sources */ = {isa = PBXBuildFile; fileRef = 15E800083032000100000008 /* GameLocationCaching.swift */; };
		15E800193032000100000019 /* UserDefaultsGameLocationCache.swift in Sources */ = {isa = PBXBuildFile; fileRef = 15E800093032000100000009 /* UserDefaultsGameLocationCache.swift */; };
		15E8001A303200010000001A /* GameLocationCoordinator.swift in Sources */ = {isa = PBXBuildFile; fileRef = 15E8000A303200010000000A /* GameLocationCoordinator.swift */; };
		15E8001B303200010000001B /* GameLocationCoordinating.swift in Sources */ = {isa = PBXBuildFile; fileRef = 15E8000B303200010000000B /* GameLocationCoordinating.swift */; };
		15E900213033000100000021 /* MainGameHistoryFilter.swift in Sources */ = {isa = PBXBuildFile; fileRef = 15E900013033000100000001 /* MainGameHistoryFilter.swift */; };
		15E900223033000100000022 /* MainGameHistoryRecordItem.swift in Sources */ = {isa = PBXBuildFile; fileRef = 15E900023033000100000002 /* MainGameHistoryRecordItem.swift */; };
		15E900233033000100000023 /* MainGameHistoryState.swift in Sources */ = {isa = PBXBuildFile; fileRef = 15E900033033000100000003 /* MainGameHistoryState.swift */; };
		15E900243033000100000024 /* MainGameHistoryViewModel.swift in Sources */ = {isa = PBXBuildFile; fileRef = 15E900043033000100000004 /* MainGameHistoryViewModel.swift */; };
		15E900253033000100000025 /* MainGameHistoryRecordCell.swift in Sources */ = {isa = PBXBuildFile; fileRef = 15E900053033000100000005 /* MainGameHistoryRecordCell.swift */; };
		15E900263033000100000026 /* MainGameHistoryStateCell.swift in Sources */ = {isa = PBXBuildFile; fileRef = 15E900063033000100000006 /* MainGameHistoryStateCell.swift */; };
		15E900273033000100000027 /* MainGameHistoryFilterHeader.swift in Sources */ = {isa = PBXBuildFile; fileRef = 15E900073033000100000007 /* MainGameHistoryFilterHeader.swift */; };
		15EA00023034000100000002 /* GameCurrentLocationSnapshot.swift in Sources */ = {isa = PBXBuildFile; fileRef = 15EA00013034000100000001 /* GameCurrentLocationSnapshot.swift */; };
		15EA00043034000100000004 /* MainHomeLocationMapCell.swift in Sources */ = {isa = PBXBuildFile; fileRef = 15EA00033034000100000003 /* MainHomeLocationMapCell.swift */; };
		15EB00023035000100000002 /* BarGameSchema+CoreModels.swift in Sources */ = {isa = PBXBuildFile; fileRef = 15EB00013035000100000001 /* BarGameSchema+CoreModels.swift */; };
		15EB00043035000100000004 /* BarGameSchema+DiceModels.swift in Sources */ = {isa = PBXBuildFile; fileRef = 15EB00033035000100000003 /* BarGameSchema+DiceModels.swift */; };
		15F000013036000100000001 /* MatchDetailViewController.swift in Sources */ = {isa = PBXBuildFile; fileRef = 15F001013036000100000001 /* MatchDetailViewController.swift */; };
		15F000023036000100000002 /* MatchDetailPresentation.swift in Sources */ = {isa = PBXBuildFile; fileRef = 15F001023036000100000002 /* MatchDetailPresentation.swift */; };
		15F000033036000100000003 /* MatchDetailState.swift in Sources */ = {isa = PBXBuildFile; fileRef = 15F001033036000100000003 /* MatchDetailState.swift */; };
		15F000043036000100000004 /* MatchDetailViewModel.swift in Sources */ = {isa = PBXBuildFile; fileRef = 15F001043036000100000004 /* MatchDetailViewModel.swift */; };
		15F000053036000100000005 /* MatchDetailTitleHeader.swift in Sources */ = {isa = PBXBuildFile; fileRef = 15F001053036000100000005 /* MatchDetailTitleHeader.swift */; };
		15F000063036000100000006 /* MatchDetailSummaryCell.swift in Sources */ = {isa = PBXBuildFile; fileRef = 15F001063036000100000006 /* MatchDetailSummaryCell.swift */; };
		15F000073036000100000007 /* MatchDetailMetricsCell.swift in Sources */ = {isa = PBXBuildFile; fileRef = 15F001073036000100000007 /* MatchDetailMetricsCell.swift */; };
		15F000083036000100000008 /* MatchDetailProgressionCell.swift in Sources */ = {isa = PBXBuildFile; fileRef = 15F001083036000100000008 /* MatchDetailProgressionCell.swift */; };
		15F000093036000100000009 /* MatchDetailRoundCell.swift in Sources */ = {isa = PBXBuildFile; fileRef = 15F001093036000100000009 /* MatchDetailRoundCell.swift */; };
		15F0000A303600010000000A /* MatchDetailPointDistributionCell.swift in Sources */ = {isa = PBXBuildFile; fileRef = 15F0010A303600010000000A /* MatchDetailPointDistributionCell.swift */; };
		15F0000B303600010000000B /* MatchDetailInformationCell.swift in Sources */ = {isa = PBXBuildFile; fileRef = 15F0010B303600010000000B /* MatchDetailInformationCell.swift */; };
		15F0000C303600010000000C /* MatchDetailStateCell.swift in Sources */ = {isa = PBXBuildFile; fileRef = 15F0010C303600010000000C /* MatchDetailStateCell.swift */; };
		15F0000D303600010000000D /* MainGameHistoryRouter.swift in Sources */ = {isa = PBXBuildFile; fileRef = 15F0010D303600010000000D /* MainGameHistoryRouter.swift */; };
		15F3EB10303970FC0031A02C /* RoundDetailViewController.swift in Sources */ = {isa = PBXBuildFile; fileRef = 15F3EB0F303970FC0031A02C /* RoundDetailViewController.swift */; };
		15F3EB12303980010031A02C /* MatchDetailRouter.swift in Sources */ = {isa = PBXBuildFile; fileRef = 15F3EB11303980010031A02C /* MatchDetailRouter.swift */; };
		15F3ED01303990010031A02C /* RoundDetailPresentation.swift in Sources */ = {isa = PBXBuildFile; fileRef = 15F3EC01303990010031A02C /* RoundDetailPresentation.swift */; };
		15F3ED02303990010031A02C /* RoundDetailState.swift in Sources */ = {isa = PBXBuildFile; fileRef = 15F3EC02303990010031A02C /* RoundDetailState.swift */; };
		15F3ED03303990010031A02C /* RoundDetailViewModel.swift in Sources */ = {isa = PBXBuildFile; fileRef = 15F3EC03303990010031A02C /* RoundDetailViewModel.swift */; };
		15F3ED04303990010031A02C /* RoundDetailSummaryCell.swift in Sources */ = {isa = PBXBuildFile; fileRef = 15F3EC04303990010031A02C /* RoundDetailSummaryCell.swift */; };
		15F3ED05303990010031A02C /* RoundDetailDiceResultCell.swift in Sources */ = {isa = PBXBuildFile; fileRef = 15F3EC05303990010031A02C /* RoundDetailDiceResultCell.swift */; };
		15F3ED06303990010031A02C /* RoundDetailDistributionCell.swift in Sources */ = {isa = PBXBuildFile; fileRef = 15F3EC06303990010031A02C /* RoundDetailDistributionCell.swift */; };
		15F3ED08303990010031A02C /* RoundDetailStateCell.swift in Sources */ = {isa = PBXBuildFile; fileRef = 15F3EC08303990010031A02C /* RoundDetailStateCell.swift */; };
		15F3ED09303990010031A02C /* RoundDetailTitleHeader.swift in Sources */ = {isa = PBXBuildFile; fileRef = 15F3EC09303990010031A02C /* RoundDetailTitleHeader.swift */; };
		15FA77A6302D6B0A0097077D /* GameSettingBottomBar.swift in Sources */ = {isa = PBXBuildFile; fileRef = 15FA77A5302D6B0A0097077D /* GameSettingBottomBar.swift */; };
		15FA77B1302D80010097077D /* GameSettingRecentRecord.swift in Sources */ = {isa = PBXBuildFile; fileRef = 15FA77B0302D80010097077D /* GameSettingRecentRecord.swift */; };
		15FA77B3302D80010097077D /* GameSettingRecentRecordsCell.swift in Sources */ = {isa = PBXBuildFile; fileRef = 15FA77B2302D80010097077D /* GameSettingRecentRecordsCell.swift */; };
		15FA77B5302D90010097077D /* GameSettingStatistics.swift in Sources */ = {isa = PBXBuildFile; fileRef = 15FA77B4302D90010097077D /* GameSettingStatistics.swift */; };
		15FA77B7302D90010097077D /* GameSettingStatisticsCell.swift in Sources */ = {isa = PBXBuildFile; fileRef = 15FA77B6302D90010097077D /* GameSettingStatisticsCell.swift */; };
/* End PBXBuildFile section */

/* Begin PBXFileReference section */
		15071E71302C4DDF00B1817D /* BaseRouter.swift */ = {isa = PBXFileReference; lastKnownFileType = sourcecode.swift; path = BaseRouter.swift; sourceTree = "<group>"; };
		150B9259301F31AC00BA35E2 /* BarGame.app */ = {isa = PBXFileReference; explicitFileType = wrapper.application; includeInIndex = 0; path = BarGame.app; sourceTree = BUILT_PRODUCTS_DIR; };
		153511FD302C539600F367B8 /* GameSettingViewController.swift */ = {isa = PBXFileReference; lastKnownFileType = sourcecode.swift; path = GameSettingViewController.swift; sourceTree = "<group>"; };
		15351300302C700100F367B8 /* GameSettingSection.swift */ = {isa = PBXFileReference; lastKnownFileType = sourcecode.swift; path = GameSettingSection.swift; sourceTree = "<group>"; };
		15351302302C710100F367B8 /* GameSettingTitleHeader.swift */ = {isa = PBXFileReference; lastKnownFileType = sourcecode.swift; path = GameSettingTitleHeader.swift; sourceTree = "<group>"; };
		15351304302C720100F367B8 /* GameSettingRule.swift */ = {isa = PBXFileReference; lastKnownFileType = sourcecode.swift; path = GameSettingRule.swift; sourceTree = "<group>"; };
		15351306302C720100F367B8 /* GameSettingRuleCell.swift */ = {isa = PBXFileReference; lastKnownFileType = sourcecode.swift; path = GameSettingRuleCell.swift; sourceTree = "<group>"; };
		15351308302C730100F367B8 /* GameSettingRuleCatalog.swift */ = {isa = PBXFileReference; lastKnownFileType = sourcecode.swift; path = GameSettingRuleCatalog.swift; sourceTree = "<group>"; };
		1535130A302C740100F367B8 /* GameSettingRouter.swift */ = {isa = PBXFileReference; lastKnownFileType = sourcecode.swift; path = GameSettingRouter.swift; sourceTree = "<group>"; };
		15351310302D300100F367B8 /* GameSetting.swift */ = {isa = PBXFileReference; lastKnownFileType = sourcecode.swift; path = GameSetting.swift; sourceTree = "<group>"; };
		15351312302D300100F367B8 /* GameSettingState.swift */ = {isa = PBXFileReference; lastKnownFileType = sourcecode.swift; path = GameSettingState.swift; sourceTree = "<group>"; };
		15351314302D300100F367B8 /* GameSettingViewModel.swift */ = {isa = PBXFileReference; lastKnownFileType = sourcecode.swift; path = GameSettingViewModel.swift; sourceTree = "<group>"; };
		15351316302D300100F367B8 /* GameSettingCell.swift */ = {isa = PBXFileReference; lastKnownFileType = sourcecode.swift; path = GameSettingCell.swift; sourceTree = "<group>"; };
		1539357E302850010026C98C /* MainBaseView.swift */ = {isa = PBXFileReference; lastKnownFileType = sourcecode.swift; path = MainBaseView.swift; sourceTree = "<group>"; };
		15393580302851010026C98C /* MainBaseCollectionViewCell.swift */ = {isa = PBXFileReference; lastKnownFileType = sourcecode.swift; path = MainBaseCollectionViewCell.swift; sourceTree = "<group>"; };
		153935F0302871000026C98C /* MainHomeDiceCollectionViewCell.swift */ = {isa = PBXFileReference; lastKnownFileType = sourcecode.swift; path = MainHomeDiceCollectionViewCell.swift; sourceTree = "<group>"; };
		1562854A301F3EBE00702D1E /* GameDiceView.swift */ = {isa = PBXFileReference; lastKnownFileType = sourcecode.swift; path = GameDiceView.swift; sourceTree = "<group>"; };
		15628550301F45A000702D1E /* DicePhysicsCategory.swift */ = {isa = PBXFileReference; lastKnownFileType = sourcecode.swift; path = DicePhysicsCategory.swift; sourceTree = "<group>"; };
		15628552301F45A100702D1E /* DiceNode.swift */ = {isa = PBXFileReference; lastKnownFileType = sourcecode.swift; path = DiceNode.swift; sourceTree = "<group>"; };
		15628554301F45A200702D1E /* DiceArena.swift */ = {isa = PBXFileReference; lastKnownFileType = sourcecode.swift; path = DiceArena.swift; sourceTree = "<group>"; };
		15628556301F6D8B00702D1E /* CoreMotionUpdatesProvider.swift */ = {isa = PBXFileReference; lastKnownFileType = sourcecode.swift; path = CoreMotionUpdatesProvider.swift; sourceTree = "<group>"; };
		157833313027820F0087747A /* MainBaseViewController.swift */ = {isa = PBXFileReference; lastKnownFileType = sourcecode.swift; path = MainBaseViewController.swift; sourceTree = "<group>"; };
		157833333027820F0087747A /* RootBaseViewController.swift */ = {isa = PBXFileReference; lastKnownFileType = sourcecode.swift; path = RootBaseViewController.swift; sourceTree = "<group>"; };
		157833353027820F0087747A /* StandardBaseViewController.swift */ = {isa = PBXFileReference; lastKnownFileType = sourcecode.swift; path = StandardBaseViewController.swift; sourceTree = "<group>"; };
		157833383027820F0087747A /* AppLogger.swift */ = {isa = PBXFileReference; lastKnownFileType = sourcecode.swift; path = AppLogger.swift; sourceTree = "<group>"; };
		1578333F3027822D0087747A /* MainHomeViewController.swift */ = {isa = PBXFileReference; lastKnownFileType = sourcecode.swift; path = MainHomeViewController.swift; sourceTree = "<group>"; };
		157833633028D3D40087747A /* UIColor+Extension.swift */ = {isa = PBXFileReference; lastKnownFileType = sourcecode.swift; path = "UIColor+Extension.swift"; sourceTree = "<group>"; };
		1596A26C302590E50018E77C /* DiceGameViewController.swift */ = {isa = PBXFileReference; lastKnownFileType = sourcecode.swift; path = DiceGameViewController.swift; sourceTree = "<group>"; };
		1596A270302599020018E77C /* DiceGameState.swift */ = {isa = PBXFileReference; lastKnownFileType = sourcecode.swift; path = DiceGameState.swift; sourceTree = "<group>"; };
		1596A272302599020018E77C /* DiceGameViewModel.swift */ = {isa = PBXFileReference; lastKnownFileType = sourcecode.swift; path = DiceGameViewModel.swift; sourceTree = "<group>"; };
		1596A2743025A4370018E77C /* DiceGameView.swift */ = {isa = PBXFileReference; lastKnownFileType = sourcecode.swift; path = DiceGameView.swift; sourceTree = "<group>"; };
		1596A2EB3025C9E40018E77C /* MainTabBarController.swift */ = {isa = PBXFileReference; lastKnownFileType = sourcecode.swift; path = MainTabBarController.swift; sourceTree = "<group>"; };
		15A1B2C03026A0010018E77C /* MainTabBarState.swift */ = {isa = PBXFileReference; lastKnownFileType = sourcecode.swift; path = MainTabBarState.swift; sourceTree = "<group>"; };
		15A1B2C23026A0010018E77C /* MainTabBarViewModel.swift */ = {isa = PBXFileReference; lastKnownFileType = sourcecode.swift; path = MainTabBarViewModel.swift; sourceTree = "<group>"; };
		15C4905A302AC64C00EFF3E9 /* PlaceholderCell.swift */ = {isa = PBXFileReference; lastKnownFileType = sourcecode.swift; path = PlaceholderCell.swift; sourceTree = "<group>"; };
		15C4F0CF302AD3B700EFF3E9 /* MainBaseTitleHeader.swift */ = {isa = PBXFileReference; lastKnownFileType = sourcecode.swift; path = MainBaseTitleHeader.swift; sourceTree = "<group>"; };
		15C4F0D2302AD6B500EFF3E9 /* MainHomeTitleHeader.swift */ = {isa = PBXFileReference; lastKnownFileType = sourcecode.swift; path = MainHomeTitleHeader.swift; sourceTree = "<group>"; };
		15C4F0D4302AF41900EFF3E9 /* MainHomeGameListCell.swift */ = {isa = PBXFileReference; lastKnownFileType = sourcecode.swift; path = MainHomeGameListCell.swift; sourceTree = "<group>"; };
		15C4F131302AFB6700EFF3E9 /* MainHomeViewModel.swift */ = {isa = PBXFileReference; lastKnownFileType = sourcecode.swift; path = MainHomeViewModel.swift; sourceTree = "<group>"; };
		15C4F134302AFF9D00EFF3E9 /* ViewFactory.swift */ = {isa = PBXFileReference; lastKnownFileType = sourcecode.swift; path = ViewFactory.swift; sourceTree = "<group>"; };
		15C4F136302B087000EFF3E9 /* MainHomeGameResultsCell.swift */ = {isa = PBXFileReference; lastKnownFileType = sourcecode.swift; path = MainHomeGameResultsCell.swift; sourceTree = "<group>"; };
		15C4F13C302B0CBC00EFF3E9 /* BaseHintView.swift */ = {isa = PBXFileReference; lastKnownFileType = sourcecode.swift; path = BaseHintView.swift; sourceTree = "<group>"; };
		15C4F1A8302B1A6500EFF3E9 /* ErrorView.swift */ = {isa = PBXFileReference; lastKnownFileType = sourcecode.swift; path = ErrorView.swift; sourceTree = "<group>"; };
		15C8B67C3029821700457B00 /* ThemeColor.swift */ = {isa = PBXFileReference; lastKnownFileType = sourcecode.swift; path = ThemeColor.swift; sourceTree = "<group>"; };
		15D10001302C100100000001 /* DiceGame.swift */ = {isa = PBXFileReference; lastKnownFileType = sourcecode.swift; path = DiceGame.swift; sourceTree = "<group>"; };
		15D10002302C100100000002 /* GameStatistics.swift */ = {isa = PBXFileReference; lastKnownFileType = sourcecode.swift; path = GameStatistics.swift; sourceTree = "<group>"; };
		15D10003302C100100000003 /* MainHomeSnapshot.swift */ = {isa = PBXFileReference; lastKnownFileType = sourcecode.swift; path = MainHomeSnapshot.swift; sourceTree = "<group>"; };
		15D10004302C100100000004 /* MainHomeConfiguration.swift */ = {isa = PBXFileReference; lastKnownFileType = sourcecode.swift; path = MainHomeConfiguration.swift; sourceTree = "<group>"; };
		15D10005302C100100000005 /* MainHomeState.swift */ = {isa = PBXFileReference; lastKnownFileType = sourcecode.swift; path = MainHomeState.swift; sourceTree = "<group>"; };
		15D10006302C100100000006 /* MainHomeSampleData.swift */ = {isa = PBXFileReference; lastKnownFileType = sourcecode.swift; path = MainHomeSampleData.swift; sourceTree = "<group>"; };
		15D30001302C200100000001 /* MainHomeRouter.swift */ = {isa = PBXFileReference; lastKnownFileType = sourcecode.swift; path = MainHomeRouter.swift; sourceTree = "<group>"; };
		15D30001302D100100000001 /* DetailBaseViewController.swift */ = {isa = PBXFileReference; lastKnownFileType = sourcecode.swift; path = DetailBaseViewController.swift; sourceTree = "<group>"; };
		15D30005302D100100000005 /* DetailBaseView.swift */ = {isa = PBXFileReference; lastKnownFileType = sourcecode.swift; path = DetailBaseView.swift; sourceTree = "<group>"; };
		15D50001302D200100000001 /* StandardBaseCollectionViewCell.swift */ = {isa = PBXFileReference; lastKnownFileType = sourcecode.swift; path = StandardBaseCollectionViewCell.swift; sourceTree = "<group>"; };
		15D50003302D200100000003 /* StandardBaseTitleHeader.swift */ = {isa = PBXFileReference; lastKnownFileType = sourcecode.swift; path = StandardBaseTitleHeader.swift; sourceTree = "<group>"; };
		15D50005302D200100000005 /* DetailBaseCollectionViewCell.swift */ = {isa = PBXFileReference; lastKnownFileType = sourcecode.swift; path = DetailBaseCollectionViewCell.swift; sourceTree = "<group>"; };
		15D50007302D200100000007 /* DetailBaseTitleHeader.swift */ = {isa = PBXFileReference; lastKnownFileType = sourcecode.swift; path = DetailBaseTitleHeader.swift; sourceTree = "<group>"; };
		15E00001302E000100000001 /* DiceGameResultView.swift */ = {isa = PBXFileReference; lastKnownFileType = sourcecode.swift; path = DiceGameResultView.swift; sourceTree = "<group>"; };
		15E10001302F000100000001 /* BaseBottomBar.swift */ = {isa = PBXFileReference; lastKnownFileType = sourcecode.swift; path = BaseBottomBar.swift; sourceTree = "<group>"; };
		15E20001302F100100000001 /* DiceGameBottomBar.swift */ = {isa = PBXFileReference; lastKnownFileType = sourcecode.swift; path = DiceGameBottomBar.swift; sourceTree = "<group>"; };
		15E30001302F200100000001 /* GameOutcome.swift */ = {isa = PBXFileReference; lastKnownFileType = sourcecode.swift; path = GameOutcome.swift; sourceTree = "<group>"; };
		15E30003302F200100000003 /* DiceGameMatchRecord.swift */ = {isa = PBXFileReference; lastKnownFileType = sourcecode.swift; path = DiceGameMatchRecord.swift; sourceTree = "<group>"; };
		15E30005302F200100000005 /* DiceGameRecordStore.swift */ = {isa = PBXFileReference; lastKnownFileType = sourcecode.swift; path = DiceGameRecordStore.swift; sourceTree = "<group>"; };
		15E40004302F300100000004 /* BarGameSchema.swift */ = {isa = PBXFileReference; lastKnownFileType = sourcecode.swift; path = BarGameSchema.swift; sourceTree = "<group>"; };
		15E40005302F300100000005 /* AppModelContainer.swift */ = {isa = PBXFileReference; lastKnownFileType = sourcecode.swift; path = AppModelContainer.swift; sourceTree = "<group>"; };
		15E50001302F400100000001 /* GameIdentity.swift */ = {isa = PBXFileReference; lastKnownFileType = sourcecode.swift; path = GameIdentity.swift; sourceTree = "<group>"; };
		15E50004302F400100000004 /* GameHistoryStore.swift */ = {isa = PBXFileReference; lastKnownFileType = sourcecode.swift; path = GameHistoryStore.swift; sourceTree = "<group>"; };
		15E50005302F400100000005 /* DiceGameRecordMapper.swift */ = {isa = PBXFileReference; lastKnownFileType = sourcecode.swift; path = DiceGameRecordMapper.swift; sourceTree = "<group>"; };
		15E600013030000100000001 /* GameHistoryStore+DiceGameRecords.swift */ = {isa = PBXFileReference; lastKnownFileType = sourcecode.swift; path = "GameHistoryStore+DiceGameRecords.swift"; sourceTree = "<group>"; };
		15FC0001303A000100000001 /* GameHistoryStore+Statistics.swift */ = {isa = PBXFileReference; lastKnownFileType = sourcecode.swift; path = "GameHistoryStore+Statistics.swift"; sourceTree = "<group>"; };
		15FC0002303A000100000002 /* GameHistoryStore+Sessions.swift */ = {isa = PBXFileReference; lastKnownFileType = sourcecode.swift; path = "GameHistoryStore+Sessions.swift"; sourceTree = "<group>"; };
		15FC0003303A000100000003 /* DiceGameRecordValidator.swift */ = {isa = PBXFileReference; lastKnownFileType = sourcecode.swift; path = DiceGameRecordValidator.swift; sourceTree = "<group>"; };
		15FC0004303A000100000004 /* DiceGameRecordSynchronizer.swift */ = {isa = PBXFileReference; lastKnownFileType = sourcecode.swift; path = DiceGameRecordSynchronizer.swift; sourceTree = "<group>"; };
		15E700013031000100000001 /* MainGameHistoryViewController.swift */ = {isa = PBXFileReference; lastKnownFileType = sourcecode.swift; path = MainGameHistoryViewController.swift; sourceTree = "<group>"; };
		15E800013032000100000001 /* GameSettingLocationState.swift */ = {isa = PBXFileReference; lastKnownFileType = sourcecode.swift; path = GameSettingLocationState.swift; sourceTree = "<group>"; };
		15E800023032000100000002 /* GameSettingLocationCell.swift */ = {isa = PBXFileReference; lastKnownFileType = sourcecode.swift; path = GameSettingLocationCell.swift; sourceTree = "<group>"; };
		15E800033032000100000003 /* GameLocationProviding.swift */ = {isa = PBXFileReference; lastKnownFileType = sourcecode.swift; path = GameLocationProviding.swift; sourceTree = "<group>"; };
		15E800043032000100000004 /* CoreLocationGameLocationProvider.swift */ = {isa = PBXFileReference; lastKnownFileType = sourcecode.swift; path = CoreLocationGameLocationProvider.swift; sourceTree = "<group>"; };
		15E800053032000100000005 /* GameLocationSnapshot.swift */ = {isa = PBXFileReference; lastKnownFileType = sourcecode.swift; path = GameLocationSnapshot.swift; sourceTree = "<group>"; };
		15E800063032000100000006 /* GameLocationAuthorizationState.swift */ = {isa = PBXFileReference; lastKnownFileType = sourcecode.swift; path = GameLocationAuthorizationState.swift; sourceTree = "<group>"; };
		15E800073032000100000007 /* GameLocationProviderError.swift */ = {isa = PBXFileReference; lastKnownFileType = sourcecode.swift; path = GameLocationProviderError.swift; sourceTree = "<group>"; };
		15E800083032000100000008 /* GameLocationCaching.swift */ = {isa = PBXFileReference; lastKnownFileType = sourcecode.swift; path = GameLocationCaching.swift; sourceTree = "<group>"; };
		15E800093032000100000009 /* UserDefaultsGameLocationCache.swift */ = {isa = PBXFileReference; lastKnownFileType = sourcecode.swift; path = UserDefaultsGameLocationCache.swift; sourceTree = "<group>"; };
		15E8000A303200010000000A /* GameLocationCoordinator.swift */ = {isa = PBXFileReference; lastKnownFileType = sourcecode.swift; path = GameLocationCoordinator.swift; sourceTree = "<group>"; };
		15E8000B303200010000000B /* GameLocationCoordinating.swift */ = {isa = PBXFileReference; lastKnownFileType = sourcecode.swift; path = GameLocationCoordinating.swift; sourceTree = "<group>"; };
		15E900013033000100000001 /* MainGameHistoryFilter.swift */ = {isa = PBXFileReference; lastKnownFileType = sourcecode.swift; path = MainGameHistoryFilter.swift; sourceTree = "<group>"; };
		15E900023033000100000002 /* MainGameHistoryRecordItem.swift */ = {isa = PBXFileReference; lastKnownFileType = sourcecode.swift; path = MainGameHistoryRecordItem.swift; sourceTree = "<group>"; };
		15E900033033000100000003 /* MainGameHistoryState.swift */ = {isa = PBXFileReference; lastKnownFileType = sourcecode.swift; path = MainGameHistoryState.swift; sourceTree = "<group>"; };
		15E900043033000100000004 /* MainGameHistoryViewModel.swift */ = {isa = PBXFileReference; lastKnownFileType = sourcecode.swift; path = MainGameHistoryViewModel.swift; sourceTree = "<group>"; };
		15E900053033000100000005 /* MainGameHistoryRecordCell.swift */ = {isa = PBXFileReference; lastKnownFileType = sourcecode.swift; path = MainGameHistoryRecordCell.swift; sourceTree = "<group>"; };
		15E900063033000100000006 /* MainGameHistoryStateCell.swift */ = {isa = PBXFileReference; lastKnownFileType = sourcecode.swift; path = MainGameHistoryStateCell.swift; sourceTree = "<group>"; };
		15E900073033000100000007 /* MainGameHistoryFilterHeader.swift */ = {isa = PBXFileReference; lastKnownFileType = sourcecode.swift; path = MainGameHistoryFilterHeader.swift; sourceTree = "<group>"; };
		15EA00013034000100000001 /* GameCurrentLocationSnapshot.swift */ = {isa = PBXFileReference; lastKnownFileType = sourcecode.swift; path = GameCurrentLocationSnapshot.swift; sourceTree = "<group>"; };
		15EA00033034000100000003 /* MainHomeLocationMapCell.swift */ = {isa = PBXFileReference; lastKnownFileType = sourcecode.swift; path = MainHomeLocationMapCell.swift; sourceTree = "<group>"; };
		15EB00013035000100000001 /* BarGameSchema+CoreModels.swift */ = {isa = PBXFileReference; lastKnownFileType = sourcecode.swift; path = "BarGameSchema+CoreModels.swift"; sourceTree = "<group>"; };
		15EB00033035000100000003 /* BarGameSchema+DiceModels.swift */ = {isa = PBXFileReference; lastKnownFileType = sourcecode.swift; path = "BarGameSchema+DiceModels.swift"; sourceTree = "<group>"; };
		15F001013036000100000001 /* MatchDetailViewController.swift */ = {isa = PBXFileReference; lastKnownFileType = sourcecode.swift; path = MatchDetailViewController.swift; sourceTree = "<group>"; };
		15F001023036000100000002 /* MatchDetailPresentation.swift */ = {isa = PBXFileReference; lastKnownFileType = sourcecode.swift; path = MatchDetailPresentation.swift; sourceTree = "<group>"; };
		15F001033036000100000003 /* MatchDetailState.swift */ = {isa = PBXFileReference; lastKnownFileType = sourcecode.swift; path = MatchDetailState.swift; sourceTree = "<group>"; };
		15F001043036000100000004 /* MatchDetailViewModel.swift */ = {isa = PBXFileReference; lastKnownFileType = sourcecode.swift; path = MatchDetailViewModel.swift; sourceTree = "<group>"; };
		15F001053036000100000005 /* MatchDetailTitleHeader.swift */ = {isa = PBXFileReference; lastKnownFileType = sourcecode.swift; path = MatchDetailTitleHeader.swift; sourceTree = "<group>"; };
		15F001063036000100000006 /* MatchDetailSummaryCell.swift */ = {isa = PBXFileReference; lastKnownFileType = sourcecode.swift; path = MatchDetailSummaryCell.swift; sourceTree = "<group>"; };
		15F001073036000100000007 /* MatchDetailMetricsCell.swift */ = {isa = PBXFileReference; lastKnownFileType = sourcecode.swift; path = MatchDetailMetricsCell.swift; sourceTree = "<group>"; };
		15F001083036000100000008 /* MatchDetailProgressionCell.swift */ = {isa = PBXFileReference; lastKnownFileType = sourcecode.swift; path = MatchDetailProgressionCell.swift; sourceTree = "<group>"; };
		15F001093036000100000009 /* MatchDetailRoundCell.swift */ = {isa = PBXFileReference; lastKnownFileType = sourcecode.swift; path = MatchDetailRoundCell.swift; sourceTree = "<group>"; };
		15F0010A303600010000000A /* MatchDetailPointDistributionCell.swift */ = {isa = PBXFileReference; lastKnownFileType = sourcecode.swift; path = MatchDetailPointDistributionCell.swift; sourceTree = "<group>"; };
		15F0010B303600010000000B /* MatchDetailInformationCell.swift */ = {isa = PBXFileReference; lastKnownFileType = sourcecode.swift; path = MatchDetailInformationCell.swift; sourceTree = "<group>"; };
		15F0010C303600010000000C /* MatchDetailStateCell.swift */ = {isa = PBXFileReference; lastKnownFileType = sourcecode.swift; path = MatchDetailStateCell.swift; sourceTree = "<group>"; };
		15F0010D303600010000000D /* MainGameHistoryRouter.swift */ = {isa = PBXFileReference; lastKnownFileType = sourcecode.swift; path = MainGameHistoryRouter.swift; sourceTree = "<group>"; };
		15F3EB0F303970FC0031A02C /* RoundDetailViewController.swift */ = {isa = PBXFileReference; lastKnownFileType = sourcecode.swift; path = RoundDetailViewController.swift; sourceTree = "<group>"; };
		15F3EB11303980010031A02C /* MatchDetailRouter.swift */ = {isa = PBXFileReference; lastKnownFileType = sourcecode.swift; path = MatchDetailRouter.swift; sourceTree = "<group>"; };
		15F3EC01303990010031A02C /* RoundDetailPresentation.swift */ = {isa = PBXFileReference; lastKnownFileType = sourcecode.swift; path = RoundDetailPresentation.swift; sourceTree = "<group>"; };
		15F3EC02303990010031A02C /* RoundDetailState.swift */ = {isa = PBXFileReference; lastKnownFileType = sourcecode.swift; path = RoundDetailState.swift; sourceTree = "<group>"; };
		15F3EC03303990010031A02C /* RoundDetailViewModel.swift */ = {isa = PBXFileReference; lastKnownFileType = sourcecode.swift; path = RoundDetailViewModel.swift; sourceTree = "<group>"; };
		15F3EC04303990010031A02C /* RoundDetailSummaryCell.swift */ = {isa = PBXFileReference; lastKnownFileType = sourcecode.swift; path = RoundDetailSummaryCell.swift; sourceTree = "<group>"; };
		15F3EC05303990010031A02C /* RoundDetailDiceResultCell.swift */ = {isa = PBXFileReference; lastKnownFileType = sourcecode.swift; path = RoundDetailDiceResultCell.swift; sourceTree = "<group>"; };
		15F3EC06303990010031A02C /* RoundDetailDistributionCell.swift */ = {isa = PBXFileReference; lastKnownFileType = sourcecode.swift; path = RoundDetailDistributionCell.swift; sourceTree = "<group>"; };
		15F3EC08303990010031A02C /* RoundDetailStateCell.swift */ = {isa = PBXFileReference; lastKnownFileType = sourcecode.swift; path = RoundDetailStateCell.swift; sourceTree = "<group>"; };
		15F3EC09303990010031A02C /* RoundDetailTitleHeader.swift */ = {isa = PBXFileReference; lastKnownFileType = sourcecode.swift; path = RoundDetailTitleHeader.swift; sourceTree = "<group>"; };
		15FA77A5302D6B0A0097077D /* GameSettingBottomBar.swift */ = {isa = PBXFileReference; lastKnownFileType = sourcecode.swift; path = GameSettingBottomBar.swift; sourceTree = "<group>"; };
		15FA77B0302D80010097077D /* GameSettingRecentRecord.swift */ = {isa = PBXFileReference; lastKnownFileType = sourcecode.swift; path = GameSettingRecentRecord.swift; sourceTree = "<group>"; };
		15FA77B2302D80010097077D /* GameSettingRecentRecordsCell.swift */ = {isa = PBXFileReference; lastKnownFileType = sourcecode.swift; path = GameSettingRecentRecordsCell.swift; sourceTree = "<group>"; };
		15FA77B4302D90010097077D /* GameSettingStatistics.swift */ = {isa = PBXFileReference; lastKnownFileType = sourcecode.swift; path = GameSettingStatistics.swift; sourceTree = "<group>"; };
		15FA77B6302D90010097077D /* GameSettingStatisticsCell.swift */ = {isa = PBXFileReference; lastKnownFileType = sourcecode.swift; path = GameSettingStatisticsCell.swift; sourceTree = "<group>"; };
/* End PBXFileReference section */

/* Begin PBXFileSystemSynchronizedBuildFileExceptionSet section */
		150B926B301F31AC00BA35E2 /* Exceptions for "BarGame" folder in "BarGame" target */ = {
			isa = PBXFileSystemSynchronizedBuildFileExceptionSet;
			membershipExceptions = (
				Info.plist,
			);
			target = 150B9258301F31AC00BA35E2 /* BarGame */;
		};
/* End PBXFileSystemSynchronizedBuildFileExceptionSet section */

/* Begin PBXFileSystemSynchronizedRootGroup section */
		150B925B301F31AC00BA35E2 /* BarGame */ = {
			isa = PBXFileSystemSynchronizedRootGroup;
			exceptions = (
				150B926B301F31AC00BA35E2 /* Exceptions for "BarGame" folder in "BarGame" target */,
			);
			path = BarGame;
			sourceTree = "<group>";
		};
/* End PBXFileSystemSynchronizedRootGroup section */

/* Begin PBXFrameworksBuildPhase section */
		150B9256301F31AC00BA35E2 /* Frameworks */ = {
			isa = PBXFrameworksBuildPhase;
			buildActionMask = 2147483647;
			files = (
				1562853C301F3A2500702D1E /* SDWebImage in Frameworks */,
				15628542301F3A5400702D1E /* SkeletonView in Frameworks */,
				1562853F301F3A3100702D1E /* SnapKit in Frameworks */,
			);
			runOnlyForDeploymentPostprocessing = 0;
		};
/* End PBXFrameworksBuildPhase section */

/* Begin PBXGroup section */
		15071E70302C4DCF00B1817D /* Router */ = {
			isa = PBXGroup;
			children = (
				15071E71302C4DDF00B1817D /* BaseRouter.swift */,
			);
			path = Router;
			sourceTree = "<group>";
		};
		150B9250301F31AC00BA35E2 = {
			isa = PBXGroup;
			children = (
				150B925B301F31AC00BA35E2 /* BarGame */,
				1596A2693025909F0018E77C /* DiceGame */,
				1578333A3027820F0087747A /* Feature */,
				153511FA302C536100F367B8 /* GameSetting */,
				15E700043031000100000004 /* MainGameHistory */,
				157833413027822D0087747A /* MainHome */,
				1596A2E93025C9C80018E77C /* MainTabBar */,
				15F002013036000100000001 /* MatchDetail */,
				15E40001302F300100000001 /* Persistence */,
				150B925A301F31AC00BA35E2 /* Products */,
				15F3EB0D303970C30031A02C /* RoundDetail */,
			);
			sourceTree = "<group>";
		};
		150B925A301F31AC00BA35E2 /* Products */ = {
			isa = PBXGroup;
			children = (
				150B9259301F31AC00BA35E2 /* BarGame.app */,
			);
			name = Products;
			sourceTree = "<group>";
		};
		153511FA302C536100F367B8 /* GameSetting */ = {
			isa = PBXGroup;
			children = (
				153511FB302C537900F367B8 /* Controller */,
				153512AA302C5DA300F367B8 /* Model */,
				1535130C302C740100F367B8 /* Router */,
				153511FC302C538300F367B8 /* View */,
				153512AB302C5DAB00F367B8 /* ViewModel */,
			);
			path = GameSetting;
			sourceTree = "<group>";
		};
		153511FB302C537900F367B8 /* Controller */ = {
			isa = PBXGroup;
			children = (
				153511FD302C539600F367B8 /* GameSettingViewController.swift */,
			);
			path = Controller;
			sourceTree = "<group>";
		};
		153511FC302C538300F367B8 /* View */ = {
			isa = PBXGroup;
			children = (
				153512A8302C5D8500F367B8 /* Cell */,
				153512A9302C5D8D00F367B8 /* Header */,
				15FA77A4302D6AEF0097077D /* SubView */,
			);
			path = View;
			sourceTree = "<group>";
		};
		15351259302C5B4100F367B8 /* Controller */ = {
			isa = PBXGroup;
			children = (
				157833353027820F0087747A /* StandardBaseViewController.swift */,
			);
			path = Controller;
			sourceTree = "<group>";
		};
		1535125A302C5B4F00F367B8 /* View */ = {
			isa = PBXGroup;
			children = (
				1535125B302C5B5700F367B8 /* Cell */,
				1535125C302C5B6000F367B8 /* Header */,
			);
			path = View;
			sourceTree = "<group>";
		};
		1535125B302C5B5700F367B8 /* Cell */ = {
			isa = PBXGroup;
			children = (
				15D50001302D200100000001 /* StandardBaseCollectionViewCell.swift */,
			);
			path = Cell;
			sourceTree = "<group>";
		};
		1535125C302C5B6000F367B8 /* Header */ = {
			isa = PBXGroup;
			children = (
				15D50003302D200100000003 /* StandardBaseTitleHeader.swift */,
			);
			path = Header;
			sourceTree = "<group>";
		};
		153512A8302C5D8500F367B8 /* Cell */ = {
			isa = PBXGroup;
			children = (
				15351316302D300100F367B8 /* GameSettingCell.swift */,
				15E800023032000100000002 /* GameSettingLocationCell.swift */,
				15FA77B2302D80010097077D /* GameSettingRecentRecordsCell.swift */,
				15351306302C720100F367B8 /* GameSettingRuleCell.swift */,
				15FA77B6302D90010097077D /* GameSettingStatisticsCell.swift */,
			);
			path = Cell;
			sourceTree = "<group>";
		};
		153512A9302C5D8D00F367B8 /* Header */ = {
			isa = PBXGroup;
			children = (
				15351302302C710100F367B8 /* GameSettingTitleHeader.swift */,
			);
			path = Header;
			sourceTree = "<group>";
		};
		153512AA302C5DA300F367B8 /* Model */ = {
			isa = PBXGroup;
			children = (
				15351310302D300100F367B8 /* GameSetting.swift */,
				15E800013032000100000001 /* GameSettingLocationState.swift */,
				15FA77B0302D80010097077D /* GameSettingRecentRecord.swift */,
				15351304302C720100F367B8 /* GameSettingRule.swift */,
				15351308302C730100F367B8 /* GameSettingRuleCatalog.swift */,
				15351300302C700100F367B8 /* GameSettingSection.swift */,
				15351312302D300100F367B8 /* GameSettingState.swift */,
				15FA77B4302D90010097077D /* GameSettingStatistics.swift */,
			);
			path = Model;
			sourceTree = "<group>";
		};
		153512AB302C5DAB00F367B8 /* ViewModel */ = {
			isa = PBXGroup;
			children = (
				15351314302D300100F367B8 /* GameSettingViewModel.swift */,
			);
			path = ViewModel;
			sourceTree = "<group>";
		};
		1535130C302C740100F367B8 /* Router */ = {
			isa = PBXGroup;
			children = (
				1535130A302C740100F367B8 /* GameSettingRouter.swift */,
			);
			path = Router;
			sourceTree = "<group>";
		};
		1539357830284E4F0026C98C /* Controller */ = {
			isa = PBXGroup;
			children = (
				157833313027820F0087747A /* MainBaseViewController.swift */,
			);
			path = Controller;
			sourceTree = "<group>";
		};
		1539357930284E590026C98C /* View */ = {
			isa = PBXGroup;
			children = (
				1539357C30284EBF0026C98C /* Cell */,
				15C4F0CA302AD30D00EFF3E9 /* Header */,
				1539357D30284ECB0026C98C /* SubView */,
			);
			path = View;
			sourceTree = "<group>";
		};
		1539357C30284EBF0026C98C /* Cell */ = {
			isa = PBXGroup;
			children = (
				15393580302851010026C98C /* MainBaseCollectionViewCell.swift */,
			);
			path = Cell;
			sourceTree = "<group>";
		};
		1539357D30284ECB0026C98C /* SubView */ = {
			isa = PBXGroup;
			children = (
				1539357E302850010026C98C /* MainBaseView.swift */,
			);
			path = SubView;
			sourceTree = "<group>";
		};
		153935E730286DB60026C98C /* View */ = {
			isa = PBXGroup;
			children = (
				153935E830286DC40026C98C /* Cell */,
				15C4F0D1302AD69A00EFF3E9 /* Header */,
			);
			path = View;
			sourceTree = "<group>";
		};
		153935E830286DC40026C98C /* Cell */ = {
			isa = PBXGroup;
			children = (
				153935F0302871000026C98C /* MainHomeDiceCollectionViewCell.swift */,
				15C4F0D4302AF41900EFF3E9 /* MainHomeGameListCell.swift */,
				15C4F136302B087000EFF3E9 /* MainHomeGameResultsCell.swift */,
				15EA00033034000100000003 /* MainHomeLocationMapCell.swift */,
			);
			path = Cell;
			sourceTree = "<group>";
		};
		153935F4302871000026C98C /* Model */ = {
			isa = PBXGroup;
			children = (
				15D10004302C100100000004 /* MainHomeConfiguration.swift */,
				15D10003302C100100000003 /* MainHomeSnapshot.swift */,
				15D10005302C100100000005 /* MainHomeState.swift */,
			);
			path = Model;
			sourceTree = "<group>";
		};
		15628546301F3DB900702D1E /* Dice */ = {
			isa = PBXGroup;
			children = (
				15628556301F6D8B00702D1E /* CoreMotionUpdatesProvider.swift */,
				15628554301F45A200702D1E /* DiceArena.swift */,
				15628552301F45A100702D1E /* DiceNode.swift */,
				15628550301F45A000702D1E /* DicePhysicsCategory.swift */,
				1562854A301F3EBE00702D1E /* GameDiceView.swift */,
			);
			path = Dice;
			sourceTree = "<group>";
		};
		157833323027820F0087747A /* MainBase */ = {
			isa = PBXGroup;
			children = (
				1539357830284E4F0026C98C /* Controller */,
				1539357930284E590026C98C /* View */,
			);
			path = MainBase;
			sourceTree = "<group>";
		};
		157833343027820F0087747A /* RootBase */ = {
			isa = PBXGroup;
			children = (
				157833333027820F0087747A /* RootBaseViewController.swift */,
			);
			path = RootBase;
			sourceTree = "<group>";
		};
		157833363027820F0087747A /* StandardBase */ = {
			isa = PBXGroup;
			children = (
				15351259302C5B4100F367B8 /* Controller */,
				1535125A302C5B4F00F367B8 /* View */,
			);
			path = StandardBase;
			sourceTree = "<group>";
		};
		157833373027820F0087747A /* Base */ = {
			isa = PBXGroup;
			children = (
				15E10003302F000100000003 /* BottomBar */,
				15C4F1A7302B1A4800EFF3E9 /* ErrorView */,
				15C4F13B302B0CA800EFF3E9 /* HintView */,
				157833323027820F0087747A /* MainBase */,
				157833343027820F0087747A /* RootBase */,
				15071E70302C4DCF00B1817D /* Router */,
				157833363027820F0087747A /* StandardBase */,
				15D30003302D100100000003 /* DetailBase */,
			);
			path = Base;
			sourceTree = "<group>";
		};
		157833393027820F0087747A /* Looger */ = {
			isa = PBXGroup;
			children = (
				157833383027820F0087747A /* AppLogger.swift */,
			);
			path = Looger;
			sourceTree = "<group>";
		};
		1578333A3027820F0087747A /* Feature */ = {
			isa = PBXGroup;
			children = (
				157833373027820F0087747A /* Base */,
				157833623028D3AD0087747A /* Extension */,
				15C4F133302AFF8100EFF3E9 /* Factory */,
				1596A26A302590B50018E77C /* Game */,
				15E800213032000100000021 /* Location */,
				157833393027820F0087747A /* Looger */,
				15C49058302AC61600EFF3E9 /* Placeholder */,
				157833613028D2EF0087747A /* Theme */,
			);
			path = Feature;
			sourceTree = "<group>";
		};
		157833403027822D0087747A /* Controller */ = {
			isa = PBXGroup;
			children = (
				1578333F3027822D0087747A /* MainHomeViewController.swift */,
			);
			path = Controller;
			sourceTree = "<group>";
		};
		157833413027822D0087747A /* MainHome */ = {
			isa = PBXGroup;
			children = (
				157833403027822D0087747A /* Controller */,
				153935F4302871000026C98C /* Model */,
				15D10008302C100100000008 /* Preview */,
				15D30002302C200100000002 /* Router */,
				153935E730286DB60026C98C /* View */,
				15C4F130302AFB4F00EFF3E9 /* ViewModel */,
			);
			path = MainHome;
			sourceTree = "<group>";
		};
		157833613028D2EF0087747A /* Theme */ = {
			isa = PBXGroup;
			children = (
				15C8B67C3029821700457B00 /* ThemeColor.swift */,
			);
			path = Theme;
			sourceTree = "<group>";
		};
		157833623028D3AD0087747A /* Extension */ = {
			isa = PBXGroup;
			children = (
				157833633028D3D40087747A /* UIColor+Extension.swift */,
			);
			path = Extension;
			sourceTree = "<group>";
		};
		1596A2693025909F0018E77C /* DiceGame */ = {
			isa = PBXGroup;
			children = (
				1596A26B302590C90018E77C /* Controller */,
				1596A26E3025911D0018E77C /* Model */,
				15E30007302F200100000007 /* Repository */,
				1596A27F302593C70018E77C /* View */,
				1596A26F302591250018E77C /* ViewModel */,
			);
			path = DiceGame;
			sourceTree = "<group>";
		};
		1596A26A302590B50018E77C /* Game */ = {
			isa = PBXGroup;
			children = (
				15628546301F3DB900702D1E /* Dice */,
				15D10007302C100100000007 /* Model */,
			);
			path = Game;
			sourceTree = "<group>";
		};
		1596A26B302590C90018E77C /* Controller */ = {
			isa = PBXGroup;
			children = (
				1596A26C302590E50018E77C /* DiceGameViewController.swift */,
			);
			path = Controller;
			sourceTree = "<group>";
		};
		1596A26E3025911D0018E77C /* Model */ = {
			isa = PBXGroup;
			children = (
				15E30003302F200100000003 /* DiceGameMatchRecord.swift */,
				1596A270302599020018E77C /* DiceGameState.swift */,
			);
			path = Model;
			sourceTree = "<group>";
		};
		1596A26F302591250018E77C /* ViewModel */ = {
			isa = PBXGroup;
			children = (
				1596A272302599020018E77C /* DiceGameViewModel.swift */,
			);
			path = ViewModel;
			sourceTree = "<group>";
		};
		1596A27F302593C70018E77C /* View */ = {
			isa = PBXGroup;
			children = (
				15E20001302F100100000001 /* DiceGameBottomBar.swift */,
				15E00001302E000100000001 /* DiceGameResultView.swift */,
				1596A2743025A4370018E77C /* DiceGameView.swift */,
			);
			path = View;
			sourceTree = "<group>";
		};
		1596A2E93025C9C80018E77C /* MainTabBar */ = {
			isa = PBXGroup;
			children = (
				1596A2EA3025C9D20018E77C /* Controller */,
				15A1B2C43026A0010018E77C /* Model */,
				15A1B2C53026A0010018E77C /* ViewModel */,
			);
			path = MainTabBar;
			sourceTree = "<group>";
		};
		1596A2EA3025C9D20018E77C /* Controller */ = {
			isa = PBXGroup;
			children = (
				1596A2EB3025C9E40018E77C /* MainTabBarController.swift */,
			);
			path = Controller;
			sourceTree = "<group>";
		};
		15A1B2C43026A0010018E77C /* Model */ = {
			isa = PBXGroup;
			children = (
				15A1B2C03026A0010018E77C /* MainTabBarState.swift */,
			);
			path = Model;
			sourceTree = "<group>";
		};
		15A1B2C53026A0010018E77C /* ViewModel */ = {
			isa = PBXGroup;
			children = (
				15A1B2C23026A0010018E77C /* MainTabBarViewModel.swift */,
			);
			path = ViewModel;
			sourceTree = "<group>";
		};
		15C49058302AC61600EFF3E9 /* Placeholder */ = {
			isa = PBXGroup;
			children = (
				15C49059302AC62900EFF3E9 /* Cell */,
			);
			path = Placeholder;
			sourceTree = "<group>";
		};
		15C49059302AC62900EFF3E9 /* Cell */ = {
			isa = PBXGroup;
			children = (
				15C4905A302AC64C00EFF3E9 /* PlaceholderCell.swift */,
			);
			path = Cell;
			sourceTree = "<group>";
		};
		15C4F0CA302AD30D00EFF3E9 /* Header */ = {
			isa = PBXGroup;
			children = (
				15C4F0CF302AD3B700EFF3E9 /* MainBaseTitleHeader.swift */,
			);
			path = Header;
			sourceTree = "<group>";
		};
		15C4F0D1302AD69A00EFF3E9 /* Header */ = {
			isa = PBXGroup;
			children = (
				15C4F0D2302AD6B500EFF3E9 /* MainHomeTitleHeader.swift */,
			);
			path = Header;
			sourceTree = "<group>";
		};
		15C4F130302AFB4F00EFF3E9 /* ViewModel */ = {
			isa = PBXGroup;
			children = (
				15C4F131302AFB6700EFF3E9 /* MainHomeViewModel.swift */,
			);
			path = ViewModel;
			sourceTree = "<group>";
		};
		15C4F133302AFF8100EFF3E9 /* Factory */ = {
			isa = PBXGroup;
			children = (
				15C4F134302AFF9D00EFF3E9 /* ViewFactory.swift */,
			);
			path = Factory;
			sourceTree = "<group>";
		};
		15C4F13B302B0CA800EFF3E9 /* HintView */ = {
			isa = PBXGroup;
			children = (
				15C4F13C302B0CBC00EFF3E9 /* BaseHintView.swift */,
			);
			path = HintView;
			sourceTree = "<group>";
		};
		15C4F1A7302B1A4800EFF3E9 /* ErrorView */ = {
			isa = PBXGroup;
			children = (
				15C4F1A8302B1A6500EFF3E9 /* ErrorView.swift */,
			);
			path = ErrorView;
			sourceTree = "<group>";
		};
		15D10007302C100100000007 /* Model */ = {
			isa = PBXGroup;
			children = (
				15D10001302C100100000001 /* DiceGame.swift */,
				15E50001302F400100000001 /* GameIdentity.swift */,
				15E30001302F200100000001 /* GameOutcome.swift */,
				15D10002302C100100000002 /* GameStatistics.swift */,
			);
			path = Model;
			sourceTree = "<group>";
		};
		15D10008302C100100000008 /* Preview */ = {
			isa = PBXGroup;
			children = (
				15D10006302C100100000006 /* MainHomeSampleData.swift */,
			);
			path = Preview;
			sourceTree = "<group>";
		};
		15D30002302C200100000002 /* Router */ = {
			isa = PBXGroup;
			children = (
				15D30001302C200100000001 /* MainHomeRouter.swift */,
			);
			path = Router;
			sourceTree = "<group>";
		};
		15D30003302D100100000003 /* DetailBase */ = {
			isa = PBXGroup;
			children = (
				15D30004302D100100000004 /* Controller */,
				15D30007302D100100000007 /* View */,
			);
			path = DetailBase;
			sourceTree = "<group>";
		};
		15D30004302D100100000004 /* Controller */ = {
			isa = PBXGroup;
			children = (
				15D30001302D100100000001 /* DetailBaseViewController.swift */,
			);
			path = Controller;
			sourceTree = "<group>";
		};
		15D30007302D100100000007 /* View */ = {
			isa = PBXGroup;
			children = (
				15D50009302D200100000009 /* Cell */,
				15D5000A302D20010000000A /* Header */,
				15D30008302D100100000008 /* SubView */,
			);
			path = View;
			sourceTree = "<group>";
		};
		15D30008302D100100000008 /* SubView */ = {
			isa = PBXGroup;
			children = (
				15D30005302D100100000005 /* DetailBaseView.swift */,
			);
			path = SubView;
			sourceTree = "<group>";
		};
		15D50009302D200100000009 /* Cell */ = {
			isa = PBXGroup;
			children = (
				15D50005302D200100000005 /* DetailBaseCollectionViewCell.swift */,
			);
			path = Cell;
			sourceTree = "<group>";
		};
		15D5000A302D20010000000A /* Header */ = {
			isa = PBXGroup;
			children = (
				15D50007302D200100000007 /* DetailBaseTitleHeader.swift */,
			);
			path = Header;
			sourceTree = "<group>";
		};
		15E10003302F000100000003 /* BottomBar */ = {
			isa = PBXGroup;
			children = (
				15E10001302F000100000001 /* BaseBottomBar.swift */,
			);
			path = BottomBar;
			sourceTree = "<group>";
		};
		15E30007302F200100000007 /* Repository */ = {
			isa = PBXGroup;
			children = (
				15E30005302F200100000005 /* DiceGameRecordStore.swift */,
			);
			path = Repository;
			sourceTree = "<group>";
		};
		15E40001302F300100000001 /* Persistence */ = {
			isa = PBXGroup;
			children = (
				15E40003302F300100000003 /* Container */,
				15E600033030000100000003 /* Mapper */,
				15E40002302F300100000002 /* Model */,
				15E50020302F400100000020 /* Repository */,
			);
			path = Persistence;
			sourceTree = "<group>";
		};
		15E40002302F300100000002 /* Model */ = {
			isa = PBXGroup;
			children = (
				15E40004302F300100000004 /* BarGameSchema.swift */,
				15EB00013035000100000001 /* BarGameSchema+CoreModels.swift */,
				15EB00033035000100000003 /* BarGameSchema+DiceModels.swift */,
			);
			path = Model;
			sourceTree = "<group>";
		};
		15E40003302F300100000003 /* Container */ = {
			isa = PBXGroup;
			children = (
				15E40005302F300100000005 /* AppModelContainer.swift */,
			);
			path = Container;
			sourceTree = "<group>";
		};
		15E50020302F400100000020 /* Repository */ = {
			isa = PBXGroup;
			children = (
				15E50004302F400100000004 /* GameHistoryStore.swift */,
				15E600013030000100000001 /* GameHistoryStore+DiceGameRecords.swift */,
				15FC0002303A000100000002 /* GameHistoryStore+Sessions.swift */,
				15FC0001303A000100000001 /* GameHistoryStore+Statistics.swift */,
			);
			path = Repository;
			sourceTree = "<group>";
		};
		15E600033030000100000003 /* Mapper */ = {
			isa = PBXGroup;
			children = (
				15E50005302F400100000005 /* DiceGameRecordMapper.swift */,
				15FC0004303A000100000004 /* DiceGameRecordSynchronizer.swift */,
				15FC0003303A000100000003 /* DiceGameRecordValidator.swift */,
			);
			path = Mapper;
			sourceTree = "<group>";
		};
		15E700023031000100000002 /* Controller */ = {
			isa = PBXGroup;
			children = (
				15E700013031000100000001 /* MainGameHistoryViewController.swift */,
			);
			path = Controller;
			sourceTree = "<group>";
		};
		15E700043031000100000004 /* MainGameHistory */ = {
			isa = PBXGroup;
			children = (
				15E700023031000100000002 /* Controller */,
				15E900103033000100000010 /* Model */,
				15F002083036000100000008 /* Router */,
				15E900113033000100000011 /* ViewModel */,
				15E900123033000100000012 /* View */,
			);
			path = MainGameHistory;
			sourceTree = "<group>";
		};
		15E800213032000100000021 /* Location */ = {
			isa = PBXGroup;
			children = (
				15E800243032000100000024 /* Coordinator */,
				15E800233032000100000023 /* Model */,
				15E800223032000100000022 /* Provider */,
				15E800253032000100000025 /* Storage */,
			);
			path = Location;
			sourceTree = "<group>";
		};
		15E800223032000100000022 /* Provider */ = {
			isa = PBXGroup;
			children = (
				15E800043032000100000004 /* CoreLocationGameLocationProvider.swift */,
				15E800033032000100000003 /* GameLocationProviding.swift */,
			);
			path = Provider;
			sourceTree = "<group>";
		};
		15E800233032000100000023 /* Model */ = {
			isa = PBXGroup;
			children = (
				15EA00013034000100000001 /* GameCurrentLocationSnapshot.swift */,
				15E800063032000100000006 /* GameLocationAuthorizationState.swift */,
				15E800073032000100000007 /* GameLocationProviderError.swift */,
				15E800053032000100000005 /* GameLocationSnapshot.swift */,
			);
			path = Model;
			sourceTree = "<group>";
		};
		15E800243032000100000024 /* Coordinator */ = {
			isa = PBXGroup;
			children = (
				15E8000A303200010000000A /* GameLocationCoordinator.swift */,
				15E8000B303200010000000B /* GameLocationCoordinating.swift */,
			);
			path = Coordinator;
			sourceTree = "<group>";
		};
		15E800253032000100000025 /* Storage */ = {
			isa = PBXGroup;
			children = (
				15E800083032000100000008 /* GameLocationCaching.swift */,
				15E800093032000100000009 /* UserDefaultsGameLocationCache.swift */,
			);
			path = Storage;
			sourceTree = "<group>";
		};
		15E900103033000100000010 /* Model */ = {
			isa = PBXGroup;
			children = (
				15E900013033000100000001 /* MainGameHistoryFilter.swift */,
				15E900023033000100000002 /* MainGameHistoryRecordItem.swift */,
				15E900033033000100000003 /* MainGameHistoryState.swift */,
			);
			path = Model;
			sourceTree = "<group>";
		};
		15E900113033000100000011 /* ViewModel */ = {
			isa = PBXGroup;
			children = (
				15E900043033000100000004 /* MainGameHistoryViewModel.swift */,
			);
			path = ViewModel;
			sourceTree = "<group>";
		};
		15E900123033000100000012 /* View */ = {
			isa = PBXGroup;
			children = (
				15E900133033000100000013 /* Cell */,
				15E900143033000100000014 /* Header */,
			);
			path = View;
			sourceTree = "<group>";
		};
		15E900133033000100000013 /* Cell */ = {
			isa = PBXGroup;
			children = (
				15E900053033000100000005 /* MainGameHistoryRecordCell.swift */,
				15E900063033000100000006 /* MainGameHistoryStateCell.swift */,
			);
			path = Cell;
			sourceTree = "<group>";
		};
		15E900143033000100000014 /* Header */ = {
			isa = PBXGroup;
			children = (
				15E900073033000100000007 /* MainGameHistoryFilterHeader.swift */,
			);
			path = Header;
			sourceTree = "<group>";
		};
		15F002013036000100000001 /* MatchDetail */ = {
			isa = PBXGroup;
			children = (
				15F002023036000100000002 /* Controller */,
				15F002033036000100000003 /* Model */,
				15F3EB13303980010031A02C /* Router */,
				15F002043036000100000004 /* View */,
				15F002073036000100000007 /* ViewModel */,
			);
			path = MatchDetail;
			sourceTree = "<group>";
		};
		15F002023036000100000002 /* Controller */ = {
			isa = PBXGroup;
			children = (
				15F001013036000100000001 /* MatchDetailViewController.swift */,
			);
			path = Controller;
			sourceTree = "<group>";
		};
		15F002033036000100000003 /* Model */ = {
			isa = PBXGroup;
			children = (
				15F001023036000100000002 /* MatchDetailPresentation.swift */,
				15F001033036000100000003 /* MatchDetailState.swift */,
			);
			path = Model;
			sourceTree = "<group>";
		};
		15F002043036000100000004 /* View */ = {
			isa = PBXGroup;
			children = (
				15F002053036000100000005 /* Cell */,
				15F002063036000100000006 /* Header */,
			);
			path = View;
			sourceTree = "<group>";
		};
		15F002053036000100000005 /* Cell */ = {
			isa = PBXGroup;
			children = (
				15F0010B303600010000000B /* MatchDetailInformationCell.swift */,
				15F001073036000100000007 /* MatchDetailMetricsCell.swift */,
				15F0010A303600010000000A /* MatchDetailPointDistributionCell.swift */,
				15F001083036000100000008 /* MatchDetailProgressionCell.swift */,
				15F001093036000100000009 /* MatchDetailRoundCell.swift */,
				15F0010C303600010000000C /* MatchDetailStateCell.swift */,
				15F001063036000100000006 /* MatchDetailSummaryCell.swift */,
			);
			path = Cell;
			sourceTree = "<group>";
		};
		15F002063036000100000006 /* Header */ = {
			isa = PBXGroup;
			children = (
				15F001053036000100000005 /* MatchDetailTitleHeader.swift */,
			);
			path = Header;
			sourceTree = "<group>";
		};
		15F002073036000100000007 /* ViewModel */ = {
			isa = PBXGroup;
			children = (
				15F001043036000100000004 /* MatchDetailViewModel.swift */,
			);
			path = ViewModel;
			sourceTree = "<group>";
		};
		15F002083036000100000008 /* Router */ = {
			isa = PBXGroup;
			children = (
				15F0010D303600010000000D /* MainGameHistoryRouter.swift */,
			);
			path = Router;
			sourceTree = "<group>";
		};
		15F3EB0D303970C30031A02C /* RoundDetail */ = {
			isa = PBXGroup;
			children = (
				15F3EB0E303970E60031A02C /* Controller */,
				15F3EE01303990010031A02C /* Model */,
				15F3EE02303990010031A02C /* View */,
				15F3EE03303990010031A02C /* ViewModel */,
			);
			path = RoundDetail;
			sourceTree = "<group>";
		};
		15F3EB0E303970E60031A02C /* Controller */ = {
			isa = PBXGroup;
			children = (
				15F3EB0F303970FC0031A02C /* RoundDetailViewController.swift */,
			);
			path = Controller;
			sourceTree = "<group>";
		};
		15F3EB13303980010031A02C /* Router */ = {
			isa = PBXGroup;
			children = (
				15F3EB11303980010031A02C /* MatchDetailRouter.swift */,
			);
			path = Router;
			sourceTree = "<group>";
		};
		15F3EE01303990010031A02C /* Model */ = {
			isa = PBXGroup;
			children = (
				15F3EC01303990010031A02C /* RoundDetailPresentation.swift */,
				15F3EC02303990010031A02C /* RoundDetailState.swift */,
			);
			path = Model;
			sourceTree = "<group>";
		};
		15F3EE02303990010031A02C /* View */ = {
			isa = PBXGroup;
			children = (
				15F3EE04303990010031A02C /* Cell */,
				15F3EE05303990010031A02C /* Header */,
			);
			path = View;
			sourceTree = "<group>";
		};
		15F3EE03303990010031A02C /* ViewModel */ = {
			isa = PBXGroup;
			children = (
				15F3EC03303990010031A02C /* RoundDetailViewModel.swift */,
			);
			path = ViewModel;
			sourceTree = "<group>";
		};
		15F3EE04303990010031A02C /* Cell */ = {
			isa = PBXGroup;
			children = (
				15F3EC05303990010031A02C /* RoundDetailDiceResultCell.swift */,
				15F3EC06303990010031A02C /* RoundDetailDistributionCell.swift */,
				15F3EC08303990010031A02C /* RoundDetailStateCell.swift */,
				15F3EC04303990010031A02C /* RoundDetailSummaryCell.swift */,
			);
			path = Cell;
			sourceTree = "<group>";
		};
		15F3EE05303990010031A02C /* Header */ = {
			isa = PBXGroup;
			children = (
				15F3EC09303990010031A02C /* RoundDetailTitleHeader.swift */,
			);
			path = Header;
			sourceTree = "<group>";
		};
		15FA77A4302D6AEF0097077D /* SubView */ = {
			isa = PBXGroup;
			children = (
				15FA77A5302D6B0A0097077D /* GameSettingBottomBar.swift */,
			);
			path = SubView;
			sourceTree = "<group>";
		};
/* End PBXGroup section */

/* Begin PBXNativeTarget section */
		150B9258301F31AC00BA35E2 /* BarGame */ = {
			isa = PBXNativeTarget;
			buildConfigurationList = 150B926C301F31AC00BA35E2 /* Build configuration list for PBXNativeTarget "BarGame" */;
			buildPhases = (
				150B9255301F31AC00BA35E2 /* Sources */,
				150B9256301F31AC00BA35E2 /* Frameworks */,
				150B9257301F31AC00BA35E2 /* Resources */,
			);
			buildRules = (
			);
			dependencies = (
			);
			fileSystemSynchronizedGroups = (
				150B925B301F31AC00BA35E2 /* BarGame */,
			);
			name = BarGame;
			packageProductDependencies = (
				1562853B301F3A2500702D1E /* SDWebImage */,
				1562853E301F3A3100702D1E /* SnapKit */,
				15628541301F3A5400702D1E /* SkeletonView */,
			);
			productName = BarGame;
			productReference = 150B9259301F31AC00BA35E2 /* BarGame.app */;
			productType = "com.apple.product-type.application";
		};
/* End PBXNativeTarget section */

/* Begin PBXProject section */
		150B9251301F31AC00BA35E2 /* Project object */ = {
			isa = PBXProject;
			attributes = {
				BuildIndependentTargetsInParallel = 1;
				LastSwiftUpdateCheck = 2640;
				LastUpgradeCheck = 2640;
				TargetAttributes = {
					150B9258301F31AC00BA35E2 = {
						CreatedOnToolsVersion = 26.4;
					};
				};
			};
			buildConfigurationList = 150B9254301F31AC00BA35E2 /* Build configuration list for PBXProject "BarGame" */;
			developmentRegion = en;
			hasScannedForEncodings = 0;
			knownRegions = (
				en,
				Base,
			);
			mainGroup = 150B9250301F31AC00BA35E2;
			minimizedProjectReferenceProxies = 1;
			packageReferences = (
				1562853A301F3A2500702D1E /* XCRemoteSwiftPackageReference "SDWebImage" */,
				1562853D301F3A3100702D1E /* XCRemoteSwiftPackageReference "SnapKit" */,
				15628540301F3A5400702D1E /* XCRemoteSwiftPackageReference "SkeletonView" */,
			);
			preferredProjectObjectVersion = 77;
			productRefGroup = 150B925A301F31AC00BA35E2 /* Products */;
			projectDirPath = "";
			projectRoot = "";
			targets = (
				150B9258301F31AC00BA35E2 /* BarGame */,
			);
		};
/* End PBXProject section */

/* Begin PBXResourcesBuildPhase section */
		150B9257301F31AC00BA35E2 /* Resources */ = {
			isa = PBXResourcesBuildPhase;
			buildActionMask = 2147483647;
			files = (
			);
			runOnlyForDeploymentPostprocessing = 0;
		};
/* End PBXResourcesBuildPhase section */

/* Begin PBXSourcesBuildPhase section */
		150B9255301F31AC00BA35E2 /* Sources */ = {
			isa = PBXSourcesBuildPhase;
			buildActionMask = 2147483647;
			files = (
				1539357F302850010026C98C /* MainBaseView.swift in Sources */,
				15393581302851010026C98C /* MainBaseCollectionViewCell.swift in Sources */,
				15C8B67D3029821700457B00 /* ThemeColor.swift in Sources */,
				15628557301F6D8B00702D1E /* CoreMotionUpdatesProvider.swift in Sources */,
				1596A271302599020018E77C /* DiceGameState.swift in Sources */,
				1578333B3027820F0087747A /* MainBaseViewController.swift in Sources */,
				1578333C3027820F0087747A /* RootBaseViewController.swift in Sources */,
				15C4F1A9302B1A6500EFF3E9 /* ErrorView.swift in Sources */,
				15C4905B302AC64C00EFF3E9 /* PlaceholderCell.swift in Sources */,
				1578333D3027820F0087747A /* StandardBaseViewController.swift in Sources */,
				15D30002302D100100000002 /* DetailBaseViewController.swift in Sources */,
				15D30006302D100100000006 /* DetailBaseView.swift in Sources */,
				15D50002302D200100000002 /* StandardBaseCollectionViewCell.swift in Sources */,
				15D50004302D200100000004 /* StandardBaseTitleHeader.swift in Sources */,
				15D50006302D200100000006 /* DetailBaseCollectionViewCell.swift in Sources */,
				15D50008302D200100000008 /* DetailBaseTitleHeader.swift in Sources */,
				1578333E3027820F0087747A /* AppLogger.swift in Sources */,
				15C4F0D0302AD3B700EFF3E9 /* MainBaseTitleHeader.swift in Sources */,
				15C4F13D302B0CBC00EFF3E9 /* BaseHintView.swift in Sources */,
				157833423027822D0087747A /* MainHomeViewController.swift in Sources */,
				15C4F132302AFB6700EFF3E9 /* MainHomeViewModel.swift in Sources */,
				153935F1302871000026C98C /* MainHomeDiceCollectionViewCell.swift in Sources */,
				153511FE302C539600F367B8 /* GameSettingViewController.swift in Sources */,
				15351301302C700100F367B8 /* GameSettingSection.swift in Sources */,
				15351303302C710100F367B8 /* GameSettingTitleHeader.swift in Sources */,
				15351305302C720100F367B8 /* GameSettingRule.swift in Sources */,
				15351307302C720100F367B8 /* GameSettingRuleCell.swift in Sources */,
				15351309302C730100F367B8 /* GameSettingRuleCatalog.swift in Sources */,
				1535130B302C740100F367B8 /* GameSettingRouter.swift in Sources */,
				15351311302D300100F367B8 /* GameSetting.swift in Sources */,
				15351313302D300100F367B8 /* GameSettingState.swift in Sources */,
				15351315302D300100F367B8 /* GameSettingViewModel.swift in Sources */,
				15351317302D300100F367B8 /* GameSettingCell.swift in Sources */,
				15FA77B1302D80010097077D /* GameSettingRecentRecord.swift in Sources */,
				15FA77B3302D80010097077D /* GameSettingRecentRecordsCell.swift in Sources */,
				15FA77B5302D90010097077D /* GameSettingStatistics.swift in Sources */,
				15FA77B7302D90010097077D /* GameSettingStatisticsCell.swift in Sources */,
				15F3EB10303970FC0031A02C /* RoundDetailViewController.swift in Sources */,
				15F3ED01303990010031A02C /* RoundDetailPresentation.swift in Sources */,
				15F3ED02303990010031A02C /* RoundDetailState.swift in Sources */,
				15F3ED03303990010031A02C /* RoundDetailViewModel.swift in Sources */,
				15F3ED04303990010031A02C /* RoundDetailSummaryCell.swift in Sources */,
				15F3ED05303990010031A02C /* RoundDetailDiceResultCell.swift in Sources */,
				15F3ED06303990010031A02C /* RoundDetailDistributionCell.swift in Sources */,
				15F3ED08303990010031A02C /* RoundDetailStateCell.swift in Sources */,
				15F3ED09303990010031A02C /* RoundDetailTitleHeader.swift in Sources */,
				15F000013036000100000001 /* MatchDetailViewController.swift in Sources */,
				15F000023036000100000002 /* MatchDetailPresentation.swift in Sources */,
				15F000033036000100000003 /* MatchDetailState.swift in Sources */,
				15F000043036000100000004 /* MatchDetailViewModel.swift in Sources */,
				15F000053036000100000005 /* MatchDetailTitleHeader.swift in Sources */,
				15F000063036000100000006 /* MatchDetailSummaryCell.swift in Sources */,
				15F000073036000100000007 /* MatchDetailMetricsCell.swift in Sources */,
				15F000083036000100000008 /* MatchDetailProgressionCell.swift in Sources */,
				15F000093036000100000009 /* MatchDetailRoundCell.swift in Sources */,
				15F0000A303600010000000A /* MatchDetailPointDistributionCell.swift in Sources */,
				15F0000B303600010000000B /* MatchDetailInformationCell.swift in Sources */,
				15F0000C303600010000000C /* MatchDetailStateCell.swift in Sources */,
				15F0000D303600010000000D /* MainGameHistoryRouter.swift in Sources */,
				15F3EB12303980010031A02C /* MatchDetailRouter.swift in Sources */,
				15D20001302C100100000001 /* DiceGame.swift in Sources */,
				15D20002302C100100000002 /* GameStatistics.swift in Sources */,
				15D20003302C100100000003 /* MainHomeSnapshot.swift in Sources */,
				15D20004302C100100000004 /* MainHomeConfiguration.swift in Sources */,
				15D20005302C100100000005 /* MainHomeState.swift in Sources */,
				15D20006302C100100000006 /* MainHomeSampleData.swift in Sources */,
				15D40001302C200100000001 /* MainHomeRouter.swift in Sources */,
				1596A2EC3025C9E40018E77C /* MainTabBarController.swift in Sources */,
				15C4F137302B087000EFF3E9 /* MainHomeGameResultsCell.swift in Sources */,
				15C4F0D3302AD6B500EFF3E9 /* MainHomeTitleHeader.swift in Sources */,
				15A1B2C13026A0010018E77C /* MainTabBarState.swift in Sources */,
				15A1B2C33026A0010018E77C /* MainTabBarViewModel.swift in Sources */,
				15C4F135302AFF9D00EFF3E9 /* ViewFactory.swift in Sources */,
				1596A273302599020018E77C /* DiceGameViewModel.swift in Sources */,
				1596A2753025A4370018E77C /* DiceGameView.swift in Sources */,
				15E00002302E000100000002 /* DiceGameResultView.swift in Sources */,
				15E10002302F000100000002 /* BaseBottomBar.swift in Sources */,
				15E20002302F100100000002 /* DiceGameBottomBar.swift in Sources */,
				15E30002302F200100000002 /* GameOutcome.swift in Sources */,
				15E30004302F200100000004 /* DiceGameMatchRecord.swift in Sources */,
				15E30006302F200100000006 /* DiceGameRecordStore.swift in Sources */,
				15E40006302F300100000006 /* BarGameSchema.swift in Sources */,
				15E40007302F300100000007 /* AppModelContainer.swift in Sources */,
				15E50011302F400100000011 /* GameIdentity.swift in Sources */,
				15EB00023035000100000002 /* BarGameSchema+CoreModels.swift in Sources */,
				15EB00043035000100000004 /* BarGameSchema+DiceModels.swift in Sources */,
				15E50014302F400100000014 /* GameHistoryStore.swift in Sources */,
				15E50015302F400100000015 /* DiceGameRecordMapper.swift in Sources */,
				15E600023030000100000002 /* GameHistoryStore+DiceGameRecords.swift in Sources */,
				15FC0011303A000100000011 /* GameHistoryStore+Statistics.swift in Sources */,
				15FC0012303A000100000012 /* GameHistoryStore+Sessions.swift in Sources */,
				15FC0013303A000100000013 /* DiceGameRecordValidator.swift in Sources */,
				15FC0014303A000100000014 /* DiceGameRecordSynchronizer.swift in Sources */,
				15E700033031000100000003 /* MainGameHistoryViewController.swift in Sources */,
				15E900213033000100000021 /* MainGameHistoryFilter.swift in Sources */,
				15E900223033000100000022 /* MainGameHistoryRecordItem.swift in Sources */,
				15E900233033000100000023 /* MainGameHistoryState.swift in Sources */,
				15E900243033000100000024 /* MainGameHistoryViewModel.swift in Sources */,
				15E900253033000100000025 /* MainGameHistoryRecordCell.swift in Sources */,
				15E900263033000100000026 /* MainGameHistoryStateCell.swift in Sources */,
				15E900273033000100000027 /* MainGameHistoryFilterHeader.swift in Sources */,
				15E800113032000100000011 /* GameSettingLocationState.swift in Sources */,
				15E800123032000100000012 /* GameSettingLocationCell.swift in Sources */,
				15E800133032000100000013 /* GameLocationProviding.swift in Sources */,
				15E800143032000100000014 /* CoreLocationGameLocationProvider.swift in Sources */,
				15E800153032000100000015 /* GameLocationSnapshot.swift in Sources */,
				15E800163032000100000016 /* GameLocationAuthorizationState.swift in Sources */,
				15E800173032000100000017 /* GameLocationProviderError.swift in Sources */,
				15E800183032000100000018 /* GameLocationCaching.swift in Sources */,
				15E800193032000100000019 /* UserDefaultsGameLocationCache.swift in Sources */,
				15E8001A303200010000001A /* GameLocationCoordinator.swift in Sources */,
				15E8001B303200010000001B /* GameLocationCoordinating.swift in Sources */,
				15EA00023034000100000002 /* GameCurrentLocationSnapshot.swift in Sources */,
				15EA00043034000100000004 /* MainHomeLocationMapCell.swift in Sources */,
				15C4F0D5302AF41900EFF3E9 /* MainHomeGameListCell.swift in Sources */,
				15628551301F45A000702D1E /* DicePhysicsCategory.swift in Sources */,
				15628553301F45A100702D1E /* DiceNode.swift in Sources */,
				15071E72302C4DDF00B1817D /* BaseRouter.swift in Sources */,
				1596A26D302590E50018E77C /* DiceGameViewController.swift in Sources */,
				15FA77A6302D6B0A0097077D /* GameSettingBottomBar.swift in Sources */,
				157833643028D3D40087747A /* UIColor+Extension.swift in Sources */,
				15628555301F45A200702D1E /* DiceArena.swift in Sources */,
				1562854B301F3EBE00702D1E /* GameDiceView.swift in Sources */,
			);
			runOnlyForDeploymentPostprocessing = 0;
		};
/* End PBXSourcesBuildPhase section */

/* Begin XCBuildConfiguration section */
		150B926D301F31AC00BA35E2 /* Debug */ = {
			isa = XCBuildConfiguration;
			buildSettings = {
				ASSETCATALOG_COMPILER_APPICON_NAME = AppIcon;
				ASSETCATALOG_COMPILER_GLOBAL_ACCENT_COLOR_NAME = AccentColor;
				CODE_SIGN_STYLE = Automatic;
				CURRENT_PROJECT_VERSION = 1;
				DEVELOPMENT_TEAM = G5A93Q7SG9;
				GENERATE_INFOPLIST_FILE = YES;
				INFOPLIST_FILE = BarGame/Info.plist;
				INFOPLIST_KEY_UIApplicationSupportsIndirectInputEvents = YES;
				INFOPLIST_KEY_UILaunchStoryboardName = LaunchScreen;
				INFOPLIST_KEY_UISupportedInterfaceOrientations_iPad = "UIInterfaceOrientationPortrait UIInterfaceOrientationPortraitUpsideDown UIInterfaceOrientationLandscapeLeft UIInterfaceOrientationLandscapeRight";
				INFOPLIST_KEY_UISupportedInterfaceOrientations_iPhone = "UIInterfaceOrientationPortrait UIInterfaceOrientationLandscapeLeft UIInterfaceOrientationLandscapeRight";
				LD_RUNPATH_SEARCH_PATHS = (
					"$(inherited)",
					"@executable_path/Frameworks",
				);
				MARKETING_VERSION = 1.0;
				PRODUCT_BUNDLE_IDENTIFIER = willyhsu.co.BarGame;
				PRODUCT_NAME = "$(TARGET_NAME)";
				STRING_CATALOG_GENERATE_SYMBOLS = YES;
				SWIFT_APPROACHABLE_CONCURRENCY = YES;
				SWIFT_DEFAULT_ACTOR_ISOLATION = MainActor;
				SWIFT_EMIT_LOC_STRINGS = YES;
				SWIFT_STRICT_CONCURRENCY = complete;
				SWIFT_UPCOMING_FEATURE_MEMBER_IMPORT_VISIBILITY = YES;
				SWIFT_VERSION = 6.0;
				TARGETED_DEVICE_FAMILY = "1,2";
			};
			name = Debug;
		};
		150B926E301F31AC00BA35E2 /* Release */ = {
			isa = XCBuildConfiguration;
			buildSettings = {
				ASSETCATALOG_COMPILER_APPICON_NAME = AppIcon;
				ASSETCATALOG_COMPILER_GLOBAL_ACCENT_COLOR_NAME = AccentColor;
				CODE_SIGN_STYLE = Automatic;
				CURRENT_PROJECT_VERSION = 1;
				DEVELOPMENT_TEAM = G5A93Q7SG9;
				GENERATE_INFOPLIST_FILE = YES;
				INFOPLIST_FILE = BarGame/Info.plist;
				INFOPLIST_KEY_UIApplicationSupportsIndirectInputEvents = YES;
				INFOPLIST_KEY_UILaunchStoryboardName = LaunchScreen;
				INFOPLIST_KEY_UISupportedInterfaceOrientations_iPad = "UIInterfaceOrientationPortrait UIInterfaceOrientationPortraitUpsideDown UIInterfaceOrientationLandscapeLeft UIInterfaceOrientationLandscapeRight";
				INFOPLIST_KEY_UISupportedInterfaceOrientations_iPhone = "UIInterfaceOrientationPortrait UIInterfaceOrientationLandscapeLeft UIInterfaceOrientationLandscapeRight";
				LD_RUNPATH_SEARCH_PATHS = (
					"$(inherited)",
					"@executable_path/Frameworks",
				);
				MARKETING_VERSION = 1.0;
				PRODUCT_BUNDLE_IDENTIFIER = willyhsu.co.BarGame;
				PRODUCT_NAME = "$(TARGET_NAME)";
				STRING_CATALOG_GENERATE_SYMBOLS = YES;
				SWIFT_APPROACHABLE_CONCURRENCY = YES;
				SWIFT_DEFAULT_ACTOR_ISOLATION = MainActor;
				SWIFT_EMIT_LOC_STRINGS = YES;
				SWIFT_STRICT_CONCURRENCY = complete;
				SWIFT_UPCOMING_FEATURE_MEMBER_IMPORT_VISIBILITY = YES;
				SWIFT_VERSION = 6.0;
				TARGETED_DEVICE_FAMILY = "1,2";
			};
			name = Release;
		};
		150B926F301F31AC00BA35E2 /* Debug */ = {
			isa = XCBuildConfiguration;
			buildSettings = {
				ALWAYS_SEARCH_USER_PATHS = NO;
				ASSETCATALOG_COMPILER_GENERATE_SWIFT_ASSET_SYMBOL_EXTENSIONS = YES;
				CLANG_ANALYZER_NONNULL = YES;
				CLANG_ANALYZER_NUMBER_OBJECT_CONVERSION = YES_AGGRESSIVE;
				CLANG_CXX_LANGUAGE_STANDARD = "gnu++20";
				CLANG_ENABLE_MODULES = YES;
				CLANG_ENABLE_OBJC_ARC = YES;
				CLANG_ENABLE_OBJC_WEAK = YES;
				CLANG_WARN_BLOCK_CAPTURE_AUTORELEASING = YES;
				CLANG_WARN_BOOL_CONVERSION = YES;
				CLANG_WARN_COMMA = YES;
				CLANG_WARN_CONSTANT_CONVERSION = YES;
				CLANG_WARN_DEPRECATED_OBJC_IMPLEMENTATIONS = YES;
				CLANG_WARN_DIRECT_OBJC_ISA_USAGE = YES_ERROR;
				CLANG_WARN_DOCUMENTATION_COMMENTS = YES;
				CLANG_WARN_EMPTY_BODY = YES;
				CLANG_WARN_ENUM_CONVERSION = YES;
				CLANG_WARN_INFINITE_RECURSION = YES;
				CLANG_WARN_INT_CONVERSION = YES;
				CLANG_WARN_NON_LITERAL_NULL_CONVERSION = YES;
				CLANG_WARN_OBJC_IMPLICIT_RETAIN_SELF = YES;
				CLANG_WARN_OBJC_LITERAL_CONVERSION = YES;
				CLANG_WARN_OBJC_ROOT_CLASS = YES_ERROR;
				CLANG_WARN_QUOTED_INCLUDE_IN_FRAMEWORK_HEADER = YES;
				CLANG_WARN_RANGE_LOOP_ANALYSIS = YES;
				CLANG_WARN_STRICT_PROTOTYPES = YES;
				CLANG_WARN_SUSPICIOUS_MOVE = YES;
				CLANG_WARN_UNGUARDED_AVAILABILITY = YES_AGGRESSIVE;
				CLANG_WARN_UNREACHABLE_CODE = YES;
				CLANG_WARN__DUPLICATE_METHOD_MATCH = YES;
				COPY_PHASE_STRIP = NO;
				DEBUG_INFORMATION_FORMAT = dwarf;
				DEVELOPMENT_TEAM = G5A93Q7SG9;
				ENABLE_STRICT_OBJC_MSGSEND = YES;
				ENABLE_TESTABILITY = YES;
				ENABLE_USER_SCRIPT_SANDBOXING = YES;
				GCC_C_LANGUAGE_STANDARD = gnu17;
				GCC_DYNAMIC_NO_PIC = NO;
				GCC_NO_COMMON_BLOCKS = YES;
				GCC_OPTIMIZATION_LEVEL = 0;
				GCC_PREPROCESSOR_DEFINITIONS = (
					"DEBUG=1",
					"$(inherited)",
				);
				GCC_WARN_64_TO_32_BIT_CONVERSION = YES;
				GCC_WARN_ABOUT_RETURN_TYPE = YES_ERROR;
				GCC_WARN_UNDECLARED_SELECTOR = YES;
				GCC_WARN_UNINITIALIZED_AUTOS = YES_AGGRESSIVE;
				GCC_WARN_UNUSED_FUNCTION = YES;
				GCC_WARN_UNUSED_VARIABLE = YES;
				IPHONEOS_DEPLOYMENT_TARGET = 26.0;
				LOCALIZATION_PREFERS_STRING_CATALOGS = YES;
				MTL_ENABLE_DEBUG_INFO = INCLUDE_SOURCE;
				MTL_FAST_MATH = YES;
				ONLY_ACTIVE_ARCH = YES;
				SDKROOT = iphoneos;
				SWIFT_ACTIVE_COMPILATION_CONDITIONS = "DEBUG $(inherited)";
				SWIFT_OPTIMIZATION_LEVEL = "-Onone";
				SWIFT_VERSION = 6.0;
			};
			name = Debug;
		};
		150B9270301F31AC00BA35E2 /* Release */ = {
			isa = XCBuildConfiguration;
			buildSettings = {
				ALWAYS_SEARCH_USER_PATHS = NO;
				ASSETCATALOG_COMPILER_GENERATE_SWIFT_ASSET_SYMBOL_EXTENSIONS = YES;
				CLANG_ANALYZER_NONNULL = YES;
				CLANG_ANALYZER_NUMBER_OBJECT_CONVERSION = YES_AGGRESSIVE;
				CLANG_CXX_LANGUAGE_STANDARD = "gnu++20";
				CLANG_ENABLE_MODULES = YES;
				CLANG_ENABLE_OBJC_ARC = YES;
				CLANG_ENABLE_OBJC_WEAK = YES;
				CLANG_WARN_BLOCK_CAPTURE_AUTORELEASING = YES;
				CLANG_WARN_BOOL_CONVERSION = YES;
				CLANG_WARN_COMMA = YES;
				CLANG_WARN_CONSTANT_CONVERSION = YES;
				CLANG_WARN_DEPRECATED_OBJC_IMPLEMENTATIONS = YES;
				CLANG_WARN_DIRECT_OBJC_ISA_USAGE = YES_ERROR;
				CLANG_WARN_DOCUMENTATION_COMMENTS = YES;
				CLANG_WARN_EMPTY_BODY = YES;
				CLANG_WARN_ENUM_CONVERSION = YES;
				CLANG_WARN_INFINITE_RECURSION = YES;
				CLANG_WARN_INT_CONVERSION = YES;
				CLANG_WARN_NON_LITERAL_NULL_CONVERSION = YES;
				CLANG_WARN_OBJC_IMPLICIT_RETAIN_SELF = YES;
				CLANG_WARN_OBJC_LITERAL_CONVERSION = YES;
				CLANG_WARN_OBJC_ROOT_CLASS = YES_ERROR;
				CLANG_WARN_QUOTED_INCLUDE_IN_FRAMEWORK_HEADER = YES;
				CLANG_WARN_RANGE_LOOP_ANALYSIS = YES;
				CLANG_WARN_STRICT_PROTOTYPES = YES;
				CLANG_WARN_SUSPICIOUS_MOVE = YES;
				CLANG_WARN_UNGUARDED_AVAILABILITY = YES_AGGRESSIVE;
				CLANG_WARN_UNREACHABLE_CODE = YES;
				CLANG_WARN__DUPLICATE_METHOD_MATCH = YES;
				COPY_PHASE_STRIP = NO;
				DEBUG_INFORMATION_FORMAT = "dwarf-with-dsym";
				DEVELOPMENT_TEAM = G5A93Q7SG9;
				ENABLE_NS_ASSERTIONS = NO;
				ENABLE_STRICT_OBJC_MSGSEND = YES;
				ENABLE_USER_SCRIPT_SANDBOXING = YES;
				GCC_C_LANGUAGE_STANDARD = gnu17;
				GCC_NO_COMMON_BLOCKS = YES;
				GCC_WARN_64_TO_32_BIT_CONVERSION = YES;
				GCC_WARN_ABOUT_RETURN_TYPE = YES_ERROR;
				GCC_WARN_UNDECLARED_SELECTOR = YES;
				GCC_WARN_UNINITIALIZED_AUTOS = YES_AGGRESSIVE;
				GCC_WARN_UNUSED_FUNCTION = YES;
				GCC_WARN_UNUSED_VARIABLE = YES;
				IPHONEOS_DEPLOYMENT_TARGET = 26.0;
				LOCALIZATION_PREFERS_STRING_CATALOGS = YES;
				MTL_ENABLE_DEBUG_INFO = NO;
				MTL_FAST_MATH = YES;
				SDKROOT = iphoneos;
				SWIFT_COMPILATION_MODE = wholemodule;
				SWIFT_VERSION = 6.0;
				VALIDATE_PRODUCT = YES;
			};
			name = Release;
		};
/* End XCBuildConfiguration section */

/* Begin XCConfigurationList section */
		150B9254301F31AC00BA35E2 /* Build configuration list for PBXProject "BarGame" */ = {
			isa = XCConfigurationList;
			buildConfigurations = (
				150B926F301F31AC00BA35E2 /* Debug */,
				150B9270301F31AC00BA35E2 /* Release */,
			);
			defaultConfigurationIsVisible = 0;
			defaultConfigurationName = Release;
		};
		150B926C301F31AC00BA35E2 /* Build configuration list for PBXNativeTarget "BarGame" */ = {
			isa = XCConfigurationList;
			buildConfigurations = (
				150B926D301F31AC00BA35E2 /* Debug */,
				150B926E301F31AC00BA35E2 /* Release */,
			);
			defaultConfigurationIsVisible = 0;
			defaultConfigurationName = Release;
		};
/* End XCConfigurationList section */

/* Begin XCRemoteSwiftPackageReference section */
		1562853A301F3A2500702D1E /* XCRemoteSwiftPackageReference "SDWebImage" */ = {
			isa = XCRemoteSwiftPackageReference;
			repositoryURL = "https://github.com/SDWebImage/SDWebImage";
			requirement = {
				kind = upToNextMajorVersion;
				minimumVersion = 5.21.7;
			};
		};
		1562853D301F3A3100702D1E /* XCRemoteSwiftPackageReference "SnapKit" */ = {
			isa = XCRemoteSwiftPackageReference;
			repositoryURL = "https://github.com/SnapKit/SnapKit";
			requirement = {
				kind = upToNextMajorVersion;
				minimumVersion = 6.0.0;
			};
		};
		15628540301F3A5400702D1E /* XCRemoteSwiftPackageReference "SkeletonView" */ = {
			isa = XCRemoteSwiftPackageReference;
			repositoryURL = "https://github.com/Juanpe/SkeletonView.git";
			requirement = {
				kind = upToNextMajorVersion;
				minimumVersion = 1.31.0;
			};
		};
/* End XCRemoteSwiftPackageReference section */

/* Begin XCSwiftPackageProductDependency section */
		1562853B301F3A2500702D1E /* SDWebImage */ = {
			isa = XCSwiftPackageProductDependency;
			package = 1562853A301F3A2500702D1E /* XCRemoteSwiftPackageReference "SDWebImage" */;
			productName = SDWebImage;
		};
		1562853E301F3A3100702D1E /* SnapKit */ = {
			isa = XCSwiftPackageProductDependency;
			package = 1562853D301F3A3100702D1E /* XCRemoteSwiftPackageReference "SnapKit" */;
			productName = SnapKit;
		};
		15628541301F3A5400702D1E /* SkeletonView */ = {
			isa = XCSwiftPackageProductDependency;
			package = 15628540301F3A5400702D1E /* XCRemoteSwiftPackageReference "SkeletonView" */;
			productName = SkeletonView;
		};
/* End XCSwiftPackageProductDependency section */
	};
	rootObject = 150B9251301F31AC00BA35E2 /* Project object */;
}
